// !$*UTF8*$!
{
	archiveVersion = 1;
	classes = {
	};
	objectVersion = 56;
	objects = {

/* Begin PBXBuildFile section */
		BF0000010000000000000001 /* BallStrikeCameraApp.swift in Sources */ = {isa = PBXBuildFile; fileRef = BF0000010000000000000101 /* BallStrikeCameraApp.swift */; };
		BF0000010000000000000002 /* CameraPhase.swift in Sources */ = {isa = PBXBuildFile; fileRef = BF0000010000000000000102 /* CameraPhase.swift */; };
		BF0000010000000000000003 /* PlatformImage.swift in Sources */ = {isa = PBXBuildFile; fileRef = BF0000010000000000000103 /* PlatformImage.swift */; };
		BF0000010000000000000004 /* BallObservation.swift in Sources */ = {isa = PBXBuildFile; fileRef = BF0000010000000000000104 /* BallObservation.swift */; };
		BF0000010000000000000005 /* BallDetector.swift in Sources */ = {isa = PBXBuildFile; fileRef = BF0000010000000000000105 /* BallDetector.swift */; };
		BF0000010000000000000006 /* CameraController.swift in Sources */ = {isa = PBXBuildFile; fileRef = BF0000010000000000000106 /* CameraController.swift */; };
		BF0000010000000000000007 /* ContentView.swift in Sources */ = {isa = PBXBuildFile; fileRef = BF0000010000000000000107 /* ContentView.swift */; };
		BF0000010000000000000008 /* CameraPreview.swift in Sources */ = {isa = PBXBuildFile; fileRef = BF0000010000000000000108 /* CameraPreview.swift */; };
		BF0000010000000000000009 /* Assets.xcassets in Resources */ = {isa = PBXBuildFile; fileRef = BF0000010000000000000109 /* Assets.xcassets */; };
		BF000001000000000000000A /* LaunchScreen.storyboard in Resources */ = {isa = PBXBuildFile; fileRef = BF000001000000000000011B /* LaunchScreen.storyboard */; };
		BF0000010000000000000012 /* RangeCameraScreen.swift in Sources */ = {isa = PBXBuildFile; fileRef = BF0000010000000000000112 /* RangeCameraScreen.swift */; };
		BF0000010000000000000013 /* LaunchMonitorScaffoldView.swift in Sources */ = {isa = PBXBuildFile; fileRef = BF0000010000000000000113 /* LaunchMonitorScaffoldView.swift */; };
		BF0000010000000000000014 /* LaunchMonitorTheme.swift in Sources */ = {isa = PBXBuildFile; fileRef = BF0000010000000000000114 /* LaunchMonitorTheme.swift */; };
		BF0000010000000000000015 /* CircularIconButton.swift in Sources */ = {isa = PBXBuildFile; fileRef = BF0000010000000000000115 /* CircularIconButton.swift */; };
		BF0000010000000000000016 /* TopOverlayBarView.swift in Sources */ = {isa = PBXBuildFile; fileRef = BF0000010000000000000116 /* TopOverlayBarView.swift */; };
		BF0000010000000000000017 /* ExposureModePickerView.swift in Sources */ = {isa = PBXBuildFile; fileRef = BF0000010000000000000117 /* ExposureModePickerView.swift */; };
		BF0000010000000000000018 /* ShotVisualizationPanel.swift in Sources */ = {isa = PBXBuildFile; fileRef = BF0000010000000000000118 /* ShotVisualizationPanel.swift */; };
		BF0000010000000000000019 /* ShotSummaryPanelView.swift in Sources */ = {isa = PBXBuildFile; fileRef = BF0000010000000000000119 /* ShotSummaryPanelView.swift */; };
		BF000001000000000000001A /* CompactMetricsBarView.swift in Sources */ = {isa = PBXBuildFile; fileRef = BF000001000000000000011A /* CompactMetricsBarView.swift */; };
/* End PBXBuildFile section */

/* Begin PBXFileReference section */
		BF0000010000000000000101 /* BallStrikeCameraApp.swift */ = {isa = PBXFileReference; lastKnownFileType = sourcecode.swift; path = BallStrikeCameraApp.swift; sourceTree = "<group>"; };
		BF0000010000000000000102 /* CameraPhase.swift */ = {isa = PBXFileReference; lastKnownFileType = sourcecode.swift; path = CameraPhase.swift; sourceTree = "<group>"; };
		BF0000010000000000000103 /* PlatformImage.swift */ = {isa = PBXFileReference; lastKnownFileType = sourcecode.swift; path = PlatformImage.swift; sourceTree = "<group>"; };
		BF0000010000000000000104 /* BallObservation.swift */ = {isa = PBXFileReference; lastKnownFileType = sourcecode.swift; path = BallObservation.swift; sourceTree = "<group>"; };
		BF0000010000000000000105 /* BallDetector.swift */ = {isa = PBXFileReference; lastKnownFileType = sourcecode.swift; path = BallDetector.swift; sourceTree = "<group>"; };
		BF0000010000000000000106 /* CameraController.swift */ = {isa = PBXFileReference; lastKnownFileType = sourcecode.swift; path = CameraController.swift; sourceTree = "<group>"; };
		BF0000010000000000000107 /* ContentView.swift */ = {isa = PBXFileReference; lastKnownFileType = sourcecode.swift; path = ContentView.swift; sourceTree = "<group>"; };
		BF0000010000000000000108 /* CameraPreview.swift */ = {isa = PBXFileReference; lastKnownFileType = sourcecode.swift; path = CameraPreview.swift; sourceTree = "<group>"; };
		BF0000010000000000000109 /* Assets.xcassets */ = {isa = PBXFileReference; lastKnownFileType = folder.assetcatalog; path = Assets.xcassets; sourceTree = "<group>"; };
		BF0000010000000000000110 /* Info.plist */ = {isa = PBXFileReference; lastKnownFileType = text.plist.xml; path = Info.plist; sourceTree = "<group>"; };
		BF0000010000000000000111 /* BallStrikeCamera.app */ = {isa = PBXFileReference; explicitFileType = wrapper.application; includeInIndex = 0; path = BallStrikeCamera.app; sourceTree = BUILT_PRODUCTS_DIR; };
		BF0000010000000000000112 /* RangeCameraScreen.swift */ = {isa = PBXFileReference; lastKnownFileType = sourcecode.swift; path = RangeCameraScreen.swift; sourceTree = "<group>"; };
		BF0000010000000000000113 /* LaunchMonitorScaffoldView.swift */ = {isa = PBXFileReference; lastKnownFileType = sourcecode.swift; path = LaunchMonitorScaffoldView.swift; sourceTree = "<group>"; };
		BF0000010000000000000114 /* LaunchMonitorTheme.swift */ = {isa = PBXFileReference; lastKnownFileType = sourcecode.swift; path = LaunchMonitorTheme.swift; sourceTree = "<group>"; };
		BF0000010000000000000115 /* CircularIconButton.swift */ = {isa = PBXFileReference; lastKnownFileType = sourcecode.swift; path = CircularIconButton.swift; sourceTree = "<group>"; };
		BF0000010000000000000116 /* TopOverlayBarView.swift */ = {isa = PBXFileReference; lastKnownFileType = sourcecode.swift; path = TopOverlayBarView.swift; sourceTree = "<group>"; };
		BF0000010000000000000117 /* ExposureModePickerView.swift */ = {isa = PBXFileReference; lastKnownFileType = sourcecode.swift; path = ExposureModePickerView.swift; sourceTree = "<group>"; };
		BF0000010000000000000118 /* ShotVisualizationPanel.swift */ = {isa = PBXFileReference; lastKnownFileType = sourcecode.swift; path = ShotVisualizationPanel.swift; sourceTree = "<group>"; };
		BF0000010000000000000119 /* ShotSummaryPanelView.swift */ = {isa = PBXFileReference; lastKnownFileType = sourcecode.swift; path = ShotSummaryPanelView.swift; sourceTree = "<group>"; };
		BF000001000000000000011A /* CompactMetricsBarView.swift */ = {isa = PBXFileReference; lastKnownFileType = sourcecode.swift; path = CompactMetricsBarView.swift; sourceTree = "<group>"; };
		BF000001000000000000011B /* LaunchScreen.storyboard */ = {isa = PBXFileReference; lastKnownFileType = file.storyboard; path = LaunchScreen.storyboard; sourceTree = "<group>"; };
/* End PBXFileReference section */

/* Begin PBXFrameworksBuildPhase section */
		BF0000010000000000000201 /* Frameworks */ = {
			isa = PBXFrameworksBuildPhase;
			buildActionMask = 2147483647;
			files = (
			);
			runOnlyForDeploymentPostprocessing = 0;
		};
/* End PBXFrameworksBuildPhase section */

/* Begin PBXGroup section */
		BF0000010000000000000301 = {
			isa = PBXGroup;
			children = (
				BF0000010000000000000302 /* BallStrikeCamera */,
				BF0000010000000000000303 /* Products */,
			);
			sourceTree = "<group>";
		};
		BF0000010000000000000302 /* BallStrikeCamera */ = {
			isa = PBXGroup;
			children = (
				BF0000010000000000000304 /* App */,
				BF0000010000000000000305 /* Camera */,
				BF0000010000000000000306 /* Detection */,
				BF0000010000000000000307 /* UI */,
				BF0000010000000000000308 /* Models */,
				BF0000010000000000000309 /* Resources */,
			);
			path = BallStrikeCamera;
			sourceTree = "<group>";
		};
		BF0000010000000000000303 /* Products */ = {
			isa = PBXGroup;
			children = (
				BF0000010000000000000111 /* BallStrikeCamera.app */,
			);
			name = Products;
			sourceTree = "<group>";
		};
		BF0000010000000000000304 /* App */ = {
			isa = PBXGroup;
			children = (
				BF0000010000000000000101 /* BallStrikeCameraApp.swift */,
			);
			path = App;
			sourceTree = "<group>";
		};
		BF0000010000000000000305 /* Camera */ = {
			isa = PBXGroup;
			children = (
				BF0000010000000000000106 /* CameraController.swift */,
			);
			path = Camera;
			sourceTree = "<group>";
		};
		BF0000010000000000000306 /* Detection */ = {
			isa = PBXGroup;
			children = (
				BF0000010000000000000104 /* BallObservation.swift */,
				BF0000010000000000000105 /* BallDetector.swift */,
			);
			path = Detection;
			sourceTree = "<group>";
		};
		BF0000010000000000000307 /* UI */ = {
			isa = PBXGroup;
			children = (
				BF0000010000000000000107 /* ContentView.swift */,
				BF0000010000000000000108 /* CameraPreview.swift */,
				BF0000010000000000000112 /* RangeCameraScreen.swift */,
				BF0000010000000000000113 /* LaunchMonitorScaffoldView.swift */,
				BF0000010000000000000114 /* LaunchMonitorTheme.swift */,
				BF0000010000000000000115 /* CircularIconButton.swift */,
				BF0000010000000000000116 /* TopOverlayBarView.swift */,
				BF0000010000000000000117 /* ExposureModePickerView.swift */,
				BF0000010000000000000118 /* ShotVisualizationPanel.swift */,
				BF0000010000000000000119 /* ShotSummaryPanelView.swift */,
				BF000001000000000000011A /* CompactMetricsBarView.swift */,
			);
			path = UI;
			sourceTree = "<group>";
		};
		BF0000010000000000000308 /* Models */ = {
			isa = PBXGroup;
			children = (
				BF0000010000000000000102 /* CameraPhase.swift */,
				BF0000010000000000000103 /* PlatformImage.swift */,
			);
			path = Models;
			sourceTree = "<group>";
		};
		BF0000010000000000000309 /* Resources */ = {
			isa = PBXGroup;
			children = (
				BF0000010000000000000109 /* Assets.xcassets */,
				BF0000010000000000000110 /* Info.plist */,
				BF000001000000000000011B /* LaunchScreen.storyboard */,
			);
			path = Resources;
			sourceTree = "<group>";
		};
/* End PBXGroup section */

/* Begin PBXNativeTarget section */
		BF0000010000000000000401 /* BallStrikeCamera */ = {
			isa = PBXNativeTarget;
			buildConfigurationList = BF0000010000000000000502 /* Build configuration list for PBXNativeTarget "BallStrikeCamera" */;
			buildPhases = (
				BF0000010000000000000202 /* Sources */,
				BF0000010000000000000201 /* Frameworks */,
				BF0000010000000000000203 /* Resources */,
			);
			buildRules = (
			);
			dependencies = (
			);
			name = BallStrikeCamera;
			productName = BallStrikeCamera;
			productReference = BF0000010000000000000111 /* BallStrikeCamera.app */;
			productType = "com.apple.product-type.application";
		};
/* End PBXNativeTarget section */

/* Begin PBXProject section */
		BF0000010000000000000501 /* Project object */ = {
			isa = PBXProject;
			attributes = {
				BuildIndependentTargetsInParallel = 1;
				LastSwiftUpdateCheck = 1530;
				LastUpgradeCheck = 1530;
				TargetAttributes = {
					BF0000010000000000000401 = {
						CreatedOnToolsVersion = 15.3;
					};
				};
			};
			buildConfigurationList = BF0000010000000000000503 /* Build configuration list for PBXProject "BallStrikeCamera" */;
			compatibilityVersion = "Xcode 14.0";
			developmentRegion = en;
			hasScannedForEncodings = 0;
			knownRegions = (
				en,
				Base,
			);
			mainGroup = BF0000010000000000000301;
			productRefGroup = BF0000010000000000000303 /* Products */;
			projectDirPath = "";
			projectRoot = "";
			targets = (
				BF0000010000000000000401 /* BallStrikeCamera */,
			);
		};
/* End PBXProject section */

/* Begin PBXResourcesBuildPhase section */
		BF0000010000000000000203 /* Resources */ = {
			isa = PBXResourcesBuildPhase;
			buildActionMask = 2147483647;
			files = (
				BF0000010000000000000009 /* Assets.xcassets in Resources */,
				BF000001000000000000000A /* LaunchScreen.storyboard in Resources */,
			);
			runOnlyForDeploymentPostprocessing = 0;
		};
/* End PBXResourcesBuildPhase section */

/* Begin PBXSourcesBuildPhase section */
		BF0000010000000000000202 /* Sources */ = {
			isa = PBXSourcesBuildPhase;
			buildActionMask = 2147483647;
			files = (
				BF0000010000000000000001 /* BallStrikeCameraApp.swift in Sources */,
				BF0000010000000000000002 /* CameraPhase.swift in Sources */,
				BF0000010000000000000003 /* PlatformImage.swift in Sources */,
				BF0000010000000000000004 /* BallObservation.swift in Sources */,
				BF0000010000000000000005 /* BallDetector.swift in Sources */,
				BF0000010000000000000006 /* CameraController.swift in Sources */,
				BF0000010000000000000007 /* ContentView.swift in Sources */,
				BF0000010000000000000008 /* CameraPreview.swift in Sources */,
				BF0000010000000000000012 /* RangeCameraScreen.swift in Sources */,
				BF0000010000000000000013 /* LaunchMonitorScaffoldView.swift in Sources */,
				BF0000010000000000000014 /* LaunchMonitorTheme.swift in Sources */,
				BF0000010000000000000015 /* CircularIconButton.swift in Sources */,
				BF0000010000000000000016 /* TopOverlayBarView.swift in Sources */,
				BF0000010000000000000017 /* ExposureModePickerView.swift in Sources */,
				BF0000010000000000000018 /* ShotVisualizationPanel.swift in Sources */,
				BF0000010000000000000019 /* ShotSummaryPanelView.swift in Sources */,
				BF000001000000000000001A /* CompactMetricsBarView.swift in Sources */,
			);
			runOnlyForDeploymentPostprocessing = 0;
		};
/* End PBXSourcesBuildPhase section */

/* Begin XCBuildConfiguration section */
		BF0000010000000000000601 /* Debug */ = {
			isa = XCBuildConfiguration;
			buildSettings = {
				ALWAYS_SEARCH_USER_PATHS = NO;
				CLANG_ANALYZER_NONNULL = YES;
				CLANG_ANALYZER_NUMBER_OBJECT_CONVERSION = YES_AGGRESSIVE;
				CLANG_CXX_LANGUAGE_STANDARD = "gnu++20";
				CLANG_ENABLE_MODULES = YES;
				CLANG_ENABLE_OBJC_ARC = YES;
				CLANG_ENABLE_OBJC_WEAK = YES;
				CLANG_WARN_BLOCK_CAPTURE_AUTORELEASING = YES;
				CLANG_WARN_BOOL_CONVERSION = YES;
				CLANG_WARN_COMMA = YES;
				CLANG_WARN_CONSTANT_CONVERSION = YES;
				CLANG_WARN_DEPRECATED_OBJC_IMPLEMENTATIONS = YES;
				CLANG_WARN_DIRECT_OBJC_ISA_USAGE = YES_ERROR;
				CLANG_WARN_DOCUMENTATION_COMMENTS = YES;
				CLANG_WARN_EMPTY_BODY = YES;
				CLANG_WARN_ENUM_CONVERSION = YES;
				CLANG_WARN_INFINITE_RECURSION = YES;
				CLANG_WARN_INT_CONVERSION = YES;
				CLANG_WARN_NON_LITERAL_NULL_CONVERSION = YES;
				CLANG_WARN_OBJC_IMPLICIT_RETAIN_SELF = YES;
				CLANG_WARN_OBJC_LITERAL_CONVERSION = YES;
				CLANG_WARN_OBJC_ROOT_CLASS = YES_ERROR;
				CLANG_WARN_QUOTED_INCLUDE_IN_FRAMEWORK_HEADER = YES;
				CLANG_WARN_RANGE_LOOP_ANALYSIS = YES;
				CLANG_WARN_STRICT_PROTOTYPES = YES;
				CLANG_WARN_SUSPICIOUS_MOVE = YES;
				CLANG_WARN_UNGUARDED_AVAILABILITY = YES_AGGRESSIVE;
				CLANG_WARN_UNREACHABLE_CODE = YES;
				CLANG_WARN__DUPLICATE_METHOD_MATCH = YES;
				COPY_PHASE_STRIP = NO;
				DEBUG_INFORMATION_FORMAT = dwarf;
				ENABLE_STRICT_OBJC_MSGSEND = YES;
				ENABLE_TESTABILITY = YES;
				GCC_C_LANGUAGE_STANDARD = gnu17;
				GCC_DYNAMIC_NO_PIC = NO;
				GCC_NO_COMMON_BLOCKS = YES;
				GCC_OPTIMIZATION_LEVEL = 0;
				GCC_PREPROCESSOR_DEFINITIONS = (
					"DEBUG=1",
					"$(inherited)",
				);
				GCC_WARN_64_TO_32_BIT_CONVERSION = YES;
				GCC_WARN_ABOUT_RETURN_TYPE = YES_ERROR;
				GCC_WARN_UNDECLARED_SELECTOR = YES;
				GCC_WARN_UNINITIALIZED_AUTOS = YES_AGGRESSIVE;
				GCC_WARN_UNUSED_FUNCTION = YES;
				GCC_WARN_UNUSED_VARIABLE = YES;
				IPHONEOS_DEPLOYMENT_TARGET = 16.0;
				MTL_ENABLE_DEBUG_INFO = INCLUDE_SOURCE;
				MTL_FAST_MATH = YES;
				ONLY_ACTIVE_ARCH = YES;
				SDKROOT = iphoneos;
				SWIFT_ACTIVE_COMPILATION_CONDITIONS = DEBUG;
				SWIFT_OPTIMIZATION_LEVEL = "-Onone";
			};
			name = Debug;
		};
		BF0000010000000000000602 /* Release */ = {
			isa = XCBuildConfiguration;
			buildSettings = {
				ALWAYS_SEARCH_USER_PATHS = NO;
				CLANG_ANALYZER_NONNULL = YES;
				CLANG_ANALYZER_NUMBER_OBJECT_CONVERSION = YES_AGGRESSIVE;
				CLANG_CXX_LANGUAGE_STANDARD = "gnu++20";
				CLANG_ENABLE_MODULES = YES;
				CLANG_ENABLE_OBJC_ARC = YES;
				CLANG_ENABLE_OBJC_WEAK = YES;
				CLANG_WARN_BLOCK_CAPTURE_AUTORELEASING = YES;
				CLANG_WARN_BOOL_CONVERSION = YES;
				CLANG_WARN_COMMA = YES;
				CLANG_WARN_CONSTANT_CONVERSION = YES;
				CLANG_WARN_DEPRECATED_OBJC_IMPLEMENTATIONS = YES;
				CLANG_WARN_DIRECT_OBJC_ISA_USAGE = YES_ERROR;
				CLANG_WARN_DOCUMENTATION_COMMENTS = YES;
				CLANG_WARN_EMPTY_BODY = YES;
				CLANG_WARN_ENUM_CONVERSION = YES;
				CLANG_WARN_INFINITE_RECURSION = YES;
				CLANG_WARN_INT_CONVERSION = YES;
				CLANG_WARN_NON_LITERAL_NULL_CONVERSION = YES;
				CLANG_WARN_OBJC_IMPLICIT_RETAIN_SELF = YES;
				CLANG_WARN_OBJC_LITERAL_CONVERSION = YES;
				CLANG_WARN_OBJC_ROOT_CLASS = YES_ERROR;
				CLANG_WARN_QUOTED_INCLUDE_IN_FRAMEWORK_HEADER = YES;
				CLANG_WARN_RANGE_LOOP_ANALYSIS = YES;
				CLANG_WARN_STRICT_PROTOTYPES = YES;
				CLANG_WARN_SUSPICIOUS_MOVE = YES;
				CLANG_WARN_UNGUARDED_AVAILABILITY = YES_AGGRESSIVE;
				CLANG_WARN_UNREACHABLE_CODE = YES;
				CLANG_WARN__DUPLICATE_METHOD_MATCH = YES;
				COPY_PHASE_STRIP = NO;
				DEBUG_INFORMATION_FORMAT = "dwarf-with-dsym";
				ENABLE_NS_ASSERTIONS = NO;
				ENABLE_STRICT_OBJC_MSGSEND = YES;
				GCC_C_LANGUAGE_STANDARD = gnu17;
				GCC_NO_COMMON_BLOCKS = YES;
				GCC_WARN_64_TO_32_BIT_CONVERSION = YES;
				GCC_WARN_ABOUT_RETURN_TYPE = YES_ERROR;
				GCC_WARN_UNDECLARED_SELECTOR = YES;
				GCC_WARN_UNINITIALIZED_AUTOS = YES_AGGRESSIVE;
				GCC_WARN_UNUSED_FUNCTION = YES;
				GCC_WARN_UNUSED_VARIABLE = YES;
				IPHONEOS_DEPLOYMENT_TARGET = 16.0;
				MTL_ENABLE_DEBUG_INFO = NO;
				MTL_FAST_MATH = YES;
				SDKROOT = iphoneos;
				SWIFT_COMPILATION_MODE = wholemodule;
				SWIFT_OPTIMIZATION_LEVEL = "-O";
				VALIDATE_PRODUCT = YES;
			};
			name = Release;
		};
		BF0000010000000000000603 /* Debug */ = {
			isa = XCBuildConfiguration;
			buildSettings = {
				ASSETCATALOG_COMPILER_APPICON_NAME = AppIcon;
				CODE_SIGN_STYLE = Automatic;
				CURRENT_PROJECT_VERSION = 1;
				DEVELOPMENT_ASSET_PATHS = "";
				DEVELOPMENT_TEAM = 7PDC2BMKC9;
				GENERATE_INFOPLIST_FILE = NO;
				INFOPLIST_FILE = BallStrikeCamera/Resources/Info.plist;
				IPHONEOS_DEPLOYMENT_TARGET = 16.0;
				LD_RUNPATH_SEARCH_PATHS = (
					"$(inherited)",
					"@executable_path/Frameworks",
				);
				MARKETING_VERSION = 1.0;
				PRODUCT_BUNDLE_IDENTIFIER = com.example.BallStrikeCamera;
				PRODUCT_NAME = "$(TARGET_NAME)";
				SUPPORTED_PLATFORMS = "iphoneos iphonesimulator";
				SUPPORTS_MACCATALYST = NO;
				SWIFT_EMIT_LOC_STRINGS = YES;
				SWIFT_STRICT_CONCURRENCY = minimal;
				SWIFT_VERSION = 5.0;
				TARGETED_DEVICE_FAMILY = 1;
			};
			name = Debug;
		};
		BF0000010000000000000604 /* Release */ = {
			isa = XCBuildConfiguration;
			buildSettings = {
				ASSETCATALOG_COMPILER_APPICON_NAME = AppIcon;
				CODE_SIGN_STYLE = Automatic;
				CURRENT_PROJECT_VERSION = 1;
				DEVELOPMENT_ASSET_PATHS = "";
				DEVELOPMENT_TEAM = 7PDC2BMKC9;
				GENERATE_INFOPLIST_FILE = NO;
				INFOPLIST_FILE = BallStrikeCamera/Resources/Info.plist;
				IPHONEOS_DEPLOYMENT_TARGET = 16.0;
				LD_RUNPATH_SEARCH_PATHS = (
					"$(inherited)",
					"@executable_path/Frameworks",
				);
				MARKETING_VERSION = 1.0;
				PRODUCT_BUNDLE_IDENTIFIER = com.example.BallStrikeCamera;
				PRODUCT_NAME = "$(TARGET_NAME)";
				SUPPORTED_PLATFORMS = "iphoneos iphonesimulator";
				SUPPORTS_MACCATALYST = NO;
				SWIFT_EMIT_LOC_STRINGS = YES;
				SWIFT_STRICT_CONCURRENCY = minimal;
				SWIFT_VERSION = 5.0;
				TARGETED_DEVICE_FAMILY = 1;
			};
			name = Release;
		};
/* End XCBuildConfiguration section */

/* Begin XCConfigurationList section */
		BF0000010000000000000502 /* Build configuration list for PBXNativeTarget "BallStrikeCamera" */ = {
			isa = XCConfigurationList;
			buildConfigurations = (
				BF0000010000000000000603 /* Debug */,
				BF0000010000000000000604 /* Release */,
			);
			defaultConfigurationIsVisible = 0;
			defaultConfigurationName = Release;
		};
		BF0000010000000000000503 /* Build configuration list for PBXProject "BallStrikeCamera" */ = {
			isa = XCConfigurationList;
			buildConfigurations = (
				BF0000010000000000000601 /* Debug */,
				BF0000010000000000000602 /* Release */,
			);
			defaultConfigurationIsVisible = 0;
			defaultConfigurationName = Release;
		};
/* End XCConfigurationList section */
	};
	rootObject = BF0000010000000000000501 /* Project object */;
}
