// !$*UTF8*$!
{
	archiveVersion = 1;
	classes = {
	};
	objectVersion = 56;
	objects = {

/* Begin PBXBuildFile section */
		209C2C2B2FA46F0F00D25D25 /* ImpactDetector.swift in Sources */ = {isa = PBXBuildFile; fileRef = 209C2C2A2FA46F0F00D25D25 /* ImpactDetector.swift */; };
		BF0000010000000000000001 /* BallStrikeCameraApp.swift in Sources */ = {isa = PBXBuildFile; fileRef = BF0000010000000000000101 /* BallStrikeCameraApp.swift */; };
		BF0000010000000000000002 /* CameraPhase.swift in Sources */ = {isa = PBXBuildFile; fileRef = BF0000010000000000000102 /* CameraPhase.swift */; };
		BF0000010000000000000003 /* PlatformImage.swift in Sources */ = {isa = PBXBuildFile; fileRef = BF0000010000000000000103 /* PlatformImage.swift */; };
		BF000001000000000000001B /* ShotAnalysisModels.swift in Sources */ = {isa = PBXBuildFile; fileRef = BF000001000000000000011C /* ShotAnalysisModels.swift */; };
		BF000001000000000000001C /* FrameNormalizer.swift in Sources */ = {isa = PBXBuildFile; fileRef = BF000001000000000000011D /* FrameNormalizer.swift */; };
		BF000001000000000000001E /* PostImpactBallTracker.swift in Sources */ = {isa = PBXBuildFile; fileRef = BF000001000000000000011E /* PostImpactBallTracker.swift */; };
		BF0000010000000000000029 /* CameraCalibration.swift in Sources */ = {isa = PBXBuildFile; fileRef = BF0000010000000000000129 /* CameraCalibration.swift */; };
		BF000001000000000000002A /* ShotMetricsCalculator.swift in Sources */ = {isa = PBXBuildFile; fileRef = BF000001000000000000012A /* ShotMetricsCalculator.swift */; };
		BF000001000000000000002B /* ClubTracker.swift in Sources */ = {isa = PBXBuildFile; fileRef = BF000001000000000000012B /* ClubTracker.swift */; };
		BF000001000000000000002C /* DistanceEstimator.swift in Sources */ = {isa = PBXBuildFile; fileRef = BF000001000000000000012C /* DistanceEstimator.swift */; };
		BF000001000000000000001F /* ShotTrackingReviewView.swift in Sources */ = {isa = PBXBuildFile; fileRef = BF000001000000000000011F /* ShotTrackingReviewView.swift */; };
		BF0000010000000000000021 /* ShotCompositeView.swift in Sources */ = {isa = PBXBuildFile; fileRef = BF0000010000000000000121 /* ShotCompositeView.swift */; };
		BF0000010000000000000022 /* ShotExportService.swift in Sources */ = {isa = PBXBuildFile; fileRef = BF0000010000000000000122 /* ShotExportService.swift */; };
		BF0000010000000000000023 /* BallTrackingTestModels.swift in Sources */ = {isa = PBXBuildFile; fileRef = BF0000010000000000000123 /* BallTrackingTestModels.swift */; };
		BF0000010000000000000024 /* TestFrameLoader.swift in Sources */ = {isa = PBXBuildFile; fileRef = BF0000010000000000000124 /* TestFrameLoader.swift */; };
		BF0000010000000000000025 /* ExperimentalBallTracker.swift in Sources */ = {isa = PBXBuildFile; fileRef = BF0000010000000000000125 /* ExperimentalBallTracker.swift */; };
		BF0000010000000000000026 /* BallTrackingTestView.swift in Sources */ = {isa = PBXBuildFile; fileRef = BF0000010000000000000126 /* BallTrackingTestView.swift */; };
		BF0000010000000000000027 /* BallTrackingTesterSettings.swift in Sources */ = {isa = PBXBuildFile; fileRef = BF0000010000000000000127 /* BallTrackingTesterSettings.swift */; };
		BF0000010000000000000028 /* ExperimentalImpactFrameDetector.swift in Sources */ = {isa = PBXBuildFile; fileRef = BF0000010000000000000128 /* ExperimentalImpactFrameDetector.swift */; };
		BF000001000000000000002D /* ExperimentalMetricsModels.swift in Sources */ = {isa = PBXBuildFile; fileRef = BF000001000000000000012D /* ExperimentalMetricsModels.swift */; };
		BF000001000000000000002E /* ExperimentalCameraCalibration.swift in Sources */ = {isa = PBXBuildFile; fileRef = BF000001000000000000012E /* ExperimentalCameraCalibration.swift */; };
		BF000001000000000000002F /* ExperimentalDistanceEstimator.swift in Sources */ = {isa = PBXBuildFile; fileRef = BF000001000000000000012F /* ExperimentalDistanceEstimator.swift */; };
		BF0000010000000000000030 /* ExperimentalClubTracker.swift in Sources */ = {isa = PBXBuildFile; fileRef = BF0000010000000000000130 /* ExperimentalClubTracker.swift */; };
		BF0000010000000000000031 /* ExperimentalShotMetricsCalculator.swift in Sources */ = {isa = PBXBuildFile; fileRef = BF0000010000000000000131 /* ExperimentalShotMetricsCalculator.swift */; };
		BF0000010000000000000032 /* ExperimentalMetricsExporter.swift in Sources */ = {isa = PBXBuildFile; fileRef = BF0000010000000000000132 /* ExperimentalMetricsExporter.swift */; };
		BF0000010000000000000020 /* ShotCompositeRenderer.swift in Sources */ = {isa = PBXBuildFile; fileRef = BF0000010000000000000120 /* ShotCompositeRenderer.swift */; };
		BF0000010000000000000004 /* BallObservation.swift in Sources */ = {isa = PBXBuildFile; fileRef = BF0000010000000000000104 /* BallObservation.swift */; };
		BF0000010000000000000005 /* BallDetector.swift in Sources */ = {isa = PBXBuildFile; fileRef = BF0000010000000000000105 /* BallDetector.swift */; };
		BF0000010000000000000006 /* CameraController.swift in Sources */ = {isa = PBXBuildFile; fileRef = BF0000010000000000000106 /* CameraController.swift */; };
		BF0000010000000000000007 /* ContentView.swift in Sources */ = {isa = PBXBuildFile; fileRef = BF0000010000000000000107 /* ContentView.swift */; };
		BF0000010000000000000008 /* CameraPreview.swift in Sources */ = {isa = PBXBuildFile; fileRef = BF0000010000000000000108 /* CameraPreview.swift */; };
		BF0000010000000000000009 /* Assets.xcassets in Resources */ = {isa = PBXBuildFile; fileRef = BF0000010000000000000109 /* Assets.xcassets */; };
		BF000001000000000000000A /* LaunchScreen.storyboard in Resources */ = {isa = PBXBuildFile; fileRef = BF000001000000000000011B /* LaunchScreen.storyboard */; };
		BF0000010000000000000012 /* RangeCameraScreen.swift in Sources */ = {isa = PBXBuildFile; fileRef = BF0000010000000000000112 /* RangeCameraScreen.swift */; };
		BF0000010000000000000013 /* LaunchMonitorScaffoldView.swift in Sources */ = {isa = PBXBuildFile; fileRef = BF0000010000000000000113 /* LaunchMonitorScaffoldView.swift */; };
		BF0000010000000000000014 /* LaunchMonitorTheme.swift in Sources */ = {isa = PBXBuildFile; fileRef = BF0000010000000000000114 /* LaunchMonitorTheme.swift */; };
		BF0000010000000000000015 /* CircularIconButton.swift in Sources */ = {isa = PBXBuildFile; fileRef = BF0000010000000000000115 /* CircularIconButton.swift */; };
		BF0000010000000000000016 /* TopOverlayBarView.swift in Sources */ = {isa = PBXBuildFile; fileRef = BF0000010000000000000116 /* TopOverlayBarView.swift */; };
		BF0000010000000000000017 /* ExposureModePickerView.swift in Sources */ = {isa = PBXBuildFile; fileRef = BF0000010000000000000117 /* ExposureModePickerView.swift */; };
		BF0000010000000000000018 /* ShotVisualizationPanel.swift in Sources */ = {isa = PBXBuildFile; fileRef = BF0000010000000000000118 /* ShotVisualizationPanel.swift */; };
		BF0000010000000000000019 /* ShotSummaryPanelView.swift in Sources */ = {isa = PBXBuildFile; fileRef = BF0000010000000000000119 /* ShotSummaryPanelView.swift */; };
		BF000001000000000000001A /* CompactMetricsBarView.swift in Sources */ = {isa = PBXBuildFile; fileRef = BF000001000000000000011A /* CompactMetricsBarView.swift */; };
		BF0000010000000000000033 /* DirectionalFormat.swift in Sources */ = {isa = PBXBuildFile; fileRef = BF0000010000000000000133 /* DirectionalFormat.swift */; };
		BF0000010000000000000034 /* SpinEstimator.swift in Sources */ = {isa = PBXBuildFile; fileRef = BF0000010000000000000134 /* SpinEstimator.swift */; };
		BF0000010000000000000035 /* ClubPathFaceEstimator.swift in Sources */ = {isa = PBXBuildFile; fileRef = BF0000010000000000000135 /* ClubPathFaceEstimator.swift */; };
		BF0000010000000000000036 /* ExperimentalSpinEstimator.swift in Sources */ = {isa = PBXBuildFile; fileRef = BF0000010000000000000136 /* ExperimentalSpinEstimator.swift */; };
		BF0000010000000000000037 /* ExperimentalDirectionalFormat.swift in Sources */ = {isa = PBXBuildFile; fileRef = BF0000010000000000000137 /* ExperimentalDirectionalFormat.swift */; };
		BF0000010000000000000038 /* ExperimentalClubPathFaceEstimator.swift in Sources */ = {isa = PBXBuildFile; fileRef = BF0000010000000000000138 /* ExperimentalClubPathFaceEstimator.swift */; };
		BF0000010000000000000039 /* VLAModelPredictor.swift in Sources */ = {isa = PBXBuildFile; fileRef = BF0000010000000000000139 /* VLAModelPredictor.swift */; };
		BF000001000000000000003A /* ExperimentalVLAModelPredictor.swift in Sources */ = {isa = PBXBuildFile; fileRef = BF000001000000000000013A /* ExperimentalVLAModelPredictor.swift */; };
		BF000001000000000000003B /* SampleShots in Resources */ = {isa = PBXBuildFile; fileRef = BF000001000000000000013B /* SampleShots */; };
		BF000001000000000000003F /* Models in Resources */ = {isa = PBXBuildFile; fileRef = BF000001000000000000013F /* Models */; };
		BF0000010000000000000040 /* ModelResourceLoader.swift in Sources */ = {isa = PBXBuildFile; fileRef = BF0000010000000000000140 /* ModelResourceLoader.swift */; };
		BF0000010000000000000041 /* FlightModelPredictor.swift in Sources */ = {isa = PBXBuildFile; fileRef = BF0000010000000000000141 /* FlightModelPredictor.swift */; };
		BF000001000000000000003C /* SampleShotLoader.swift in Sources */ = {isa = PBXBuildFile; fileRef = BF000001000000000000013C /* SampleShotLoader.swift */; };
		BF000001000000000000003D /* ShotResultView.swift in Sources */ = {isa = PBXBuildFile; fileRef = BF000001000000000000013D /* ShotResultView.swift */; };
		BF000001000000000000003E /* BallFlightPreviewView.swift in Sources */ = {isa = PBXBuildFile; fileRef = BF000001000000000000013E /* BallFlightPreviewView.swift */; };
		BF0000010000000000000042 /* SideLaunchAngleView.swift in Sources */ = {isa = PBXBuildFile; fileRef = BF0000010000000000000142 /* SideLaunchAngleView.swift */; };
		BF0000010000000000000043 /* TopDownShotGridView.swift in Sources */ = {isa = PBXBuildFile; fileRef = BF0000010000000000000143 /* TopDownShotGridView.swift */; };
		BF0000010000000000000044 /* AnimatedShotFlightView.swift in Sources */ = {isa = PBXBuildFile; fileRef = BF0000010000000000000144 /* AnimatedShotFlightView.swift */; };
		BF0000010000000000000045 /* CinematicBallFlightView.swift in Sources */ = {isa = PBXBuildFile; fileRef = BF0000010000000000000145 /* CinematicBallFlightView.swift */; };
		BF0000010000000000000046 /* MainTabView.swift in Sources */ = {isa = PBXBuildFile; fileRef = BF0000010000000000000146 /* MainTabView.swift */; };
		BF0000010000000000000047 /* HomeDashboardView.swift in Sources */ = {isa = PBXBuildFile; fileRef = BF0000010000000000000147 /* HomeDashboardView.swift */; };
		BF0000010000000000000048 /* ModeSelectionView.swift in Sources */ = {isa = PBXBuildFile; fileRef = BF0000010000000000000148 /* ModeSelectionView.swift */; };
		BF0000010000000000000049 /* RangeModeView.swift in Sources */ = {isa = PBXBuildFile; fileRef = BF0000010000000000000149 /* RangeModeView.swift */; };
		BF000001000000000000004A /* SimModeView.swift in Sources */ = {isa = PBXBuildFile; fileRef = BF000001000000000000014A /* SimModeView.swift */; };
		BF000001000000000000004B /* CourseModeView.swift in Sources */ = {isa = PBXBuildFile; fileRef = BF000001000000000000014B /* CourseModeView.swift */; };
		BF000001000000000000004C /* SessionsView.swift in Sources */ = {isa = PBXBuildFile; fileRef = BF000001000000000000014C /* SessionsView.swift */; };
		BF000001000000000000004D /* AnalyticsView.swift in Sources */ = {isa = PBXBuildFile; fileRef = BF000001000000000000014D /* AnalyticsView.swift */; };
		BF000001000000000000004E /* FeedView.swift in Sources */ = {isa = PBXBuildFile; fileRef = BF000001000000000000014E /* FeedView.swift */; };
		BF000001000000000000004F /* ProfileSettingsView.swift in Sources */ = {isa = PBXBuildFile; fileRef = BF000001000000000000014F /* ProfileSettingsView.swift */; };
		BF0000010000000000000050 /* AppShellComponents.swift in Sources */ = {isa = PBXBuildFile; fileRef = BF0000010000000000000150 /* AppShellComponents.swift */; };
		BF0000010000000000000051 /* BallStrikeTheme.swift in Sources */ = {isa = PBXBuildFile; fileRef = BF0000010000000000000151 /* BallStrikeTheme.swift */; };
		BF0000010000000000000052 /* BallStrikeBackgroundView.swift in Sources */ = {isa = PBXBuildFile; fileRef = BF0000010000000000000152 /* BallStrikeBackgroundView.swift */; };
		BF0000030000000000000001 /* AppDelegate.swift in Sources */ = {isa = PBXBuildFile; fileRef = BF0000020000000000000001 /* AppDelegate.swift */; };
		BF0000030000000000000002 /* AppBackend.swift in Sources */ = {isa = PBXBuildFile; fileRef = BF0000020000000000000002 /* AppBackend.swift */; };
		BF0000030000000000000003 /* AppStorageManager.swift in Sources */ = {isa = PBXBuildFile; fileRef = BF0000020000000000000003 /* AppStorageManager.swift */; };
		BF0000030000000000000004 /* AuthSessionStore.swift in Sources */ = {isa = PBXBuildFile; fileRef = BF0000020000000000000004 /* AuthSessionStore.swift */; };
		BF0000030000000000000005 /* LocalBackendService.swift in Sources */ = {isa = PBXBuildFile; fileRef = BF0000020000000000000005 /* LocalBackendService.swift */; };
		BF0000030000000000000006 /* LocationService.swift in Sources */ = {isa = PBXBuildFile; fileRef = BF0000020000000000000006 /* LocationService.swift */; };
		BF0000030000000000000007 /* ShotPersistenceService.swift in Sources */ = {isa = PBXBuildFile; fileRef = BF0000020000000000000007 /* ShotPersistenceService.swift */; };
		BF0000030000000000000008 /* SimOutputService.swift in Sources */ = {isa = PBXBuildFile; fileRef = BF0000020000000000000008 /* SimOutputService.swift */; };
		BF0000030000000000000009 /* GolfCourseAPIConfig.swift in Sources */ = {isa = PBXBuildFile; fileRef = BF0000020000000000000009 /* GolfCourseAPIConfig.swift */; };
		BF000003000000000000000A /* CourseProvider.swift in Sources */ = {isa = PBXBuildFile; fileRef = BF000002000000000000000A /* CourseProvider.swift */; };
		BF000003000000000000000B /* MockCourseProvider.swift in Sources */ = {isa = PBXBuildFile; fileRef = BF000002000000000000000B /* MockCourseProvider.swift */; };
		BF000003000000000000000C /* GolfCourseAPIProvider.swift in Sources */ = {isa = PBXBuildFile; fileRef = BF000002000000000000000C /* GolfCourseAPIProvider.swift */; };
		BF000003000000000000000D /* AppModels.swift in Sources */ = {isa = PBXBuildFile; fileRef = BF000002000000000000000D /* AppModels.swift */; };
		BF000003000000000000000E /* CourseModels.swift in Sources */ = {isa = PBXBuildFile; fileRef = BF000002000000000000000E /* CourseModels.swift */; };
		BF000003000000000000000F /* FeatureFlags.swift in Sources */ = {isa = PBXBuildFile; fileRef = BF000002000000000000000F /* FeatureFlags.swift */; };
		BF0000030000000000000010 /* AppRootView.swift in Sources */ = {isa = PBXBuildFile; fileRef = BF0000020000000000000010 /* AppRootView.swift */; };
		BF0000030000000000000011 /* AuthViewModel.swift in Sources */ = {isa = PBXBuildFile; fileRef = BF0000020000000000000011 /* AuthViewModel.swift */; };
		BF0000030000000000000012 /* LoginView.swift in Sources */ = {isa = PBXBuildFile; fileRef = BF0000020000000000000012 /* LoginView.swift */; };
		BF0000030000000000000013 /* ClubBagViewModel.swift in Sources */ = {isa = PBXBuildFile; fileRef = BF0000020000000000000013 /* ClubBagViewModel.swift */; };
		BF0000030000000000000014 /* RangeSessionViewModel.swift in Sources */ = {isa = PBXBuildFile; fileRef = BF0000020000000000000014 /* RangeSessionViewModel.swift */; };
		BF0000030000000000000015 /* SimSessionViewModel.swift in Sources */ = {isa = PBXBuildFile; fileRef = BF0000020000000000000015 /* SimSessionViewModel.swift */; };
		BF0000030000000000000016 /* CourseRoundViewModel.swift in Sources */ = {isa = PBXBuildFile; fileRef = BF0000020000000000000016 /* CourseRoundViewModel.swift */; };
		BF0000030000000000000017 /* AnalyticsViewModel.swift in Sources */ = {isa = PBXBuildFile; fileRef = BF0000020000000000000017 /* AnalyticsViewModel.swift */; };
		BF0000030000000000000018 /* FeedViewModel.swift in Sources */ = {isa = PBXBuildFile; fileRef = BF0000020000000000000018 /* FeedViewModel.swift */; };
		BF0000030000000000000019 /* ClubsInBagView.swift in Sources */ = {isa = PBXBuildFile; fileRef = BF0000020000000000000019 /* ClubsInBagView.swift */; };
		BF000003000000000000001A /* EditClubView.swift in Sources */ = {isa = PBXBuildFile; fileRef = BF000002000000000000001A /* EditClubView.swift */; };
		BF000003000000000000001B /* RangeSessionView.swift in Sources */ = {isa = PBXBuildFile; fileRef = BF000002000000000000001B /* RangeSessionView.swift */; };
		BF000003000000000000001C /* CourseSearchView.swift in Sources */ = {isa = PBXBuildFile; fileRef = BF000002000000000000001C /* CourseSearchView.swift */; };
		BF000003000000000000001D /* CourseRoundView.swift in Sources */ = {isa = PBXBuildFile; fileRef = BF000002000000000000001D /* CourseRoundView.swift */; };
		BF000003000000000000001E /* HoleView.swift in Sources */ = {isa = PBXBuildFile; fileRef = BF000002000000000000001E /* HoleView.swift */; };
		BF000003000000000000001F /* ScorecardView.swift in Sources */ = {isa = PBXBuildFile; fileRef = BF000002000000000000001F /* ScorecardView.swift */; };
				BF0000050000000000000002 /* OrientationManager.swift in Sources */ = {isa = PBXBuildFile; fileRef = BF0000050000000000000001 /* OrientationManager.swift */; };
		BF0000060000000000000002 /* TCTheme.swift in Sources */ = {isa = PBXBuildFile; fileRef = BF0000060000000000000001 /* TCTheme.swift */; };
		BF0000060000000000000004 /* TrueCarryBackground.swift in Sources */ = {isa = PBXBuildFile; fileRef = BF0000060000000000000003 /* TrueCarryBackground.swift */; };
		BF0000060000000000000006 /* TCCards.swift in Sources */ = {isa = PBXBuildFile; fileRef = BF0000060000000000000005 /* TCCards.swift */; };
		BF0000060000000000000008 /* TCBottomDock.swift in Sources */ = {isa = PBXBuildFile; fileRef = BF0000060000000000000007 /* TCBottomDock.swift */; };
		BF000006000000000000000A /* TrueCarryHomeView.swift in Sources */ = {isa = PBXBuildFile; fileRef = BF0000060000000000000009 /* TrueCarryHomeView.swift */; };
		BF000006000000000000000C /* TrueCarryInsightsView.swift in Sources */ = {isa = PBXBuildFile; fileRef = BF000006000000000000000B /* TrueCarryInsightsView.swift */; };
		BF000006000000000000000E /* TrueCarryPlayView.swift in Sources */ = {isa = PBXBuildFile; fileRef = BF000006000000000000000D /* TrueCarryPlayView.swift */; };
		BF0000060000000000000010 /* TrueCarryLockerView.swift in Sources */ = {isa = PBXBuildFile; fileRef = BF000006000000000000000F /* TrueCarryLockerView.swift */; };
		BF0000060000000000000012 /* ShotContext.swift in Sources */ = {isa = PBXBuildFile; fileRef = BF0000060000000000000011 /* ShotContext.swift */; };
		BF0000060000000000000014 /* TrueCarryCoursesView.swift in Sources */ = {isa = PBXBuildFile; fileRef = BF0000060000000000000013 /* TrueCarryCoursesView.swift */; };
		BF0000060000000000000016 /* CourseModeGPSHoleView.swift in Sources */ = {isa = PBXBuildFile; fileRef = BF0000060000000000000015 /* CourseModeGPSHoleView.swift */; };
		BF0000060000000000000018 /* ScoreEntryView.swift in Sources */ = {isa = PBXBuildFile; fileRef = BF0000060000000000000017 /* ScoreEntryView.swift */; };
		BF000006000000000000001A /* PastSessionsView.swift in Sources */ = {isa = PBXBuildFile; fileRef = BF0000060000000000000019 /* PastSessionsView.swift */; };
		BF000006000000000000001C /* RoundSetupView.swift in Sources */ = {isa = PBXBuildFile; fileRef = BF000006000000000000001B /* RoundSetupView.swift */; };
		BF000006000000000000001E /* TCVisuals.swift in Sources */ = {isa = PBXBuildFile; fileRef = BF000006000000000000001D /* TCVisuals.swift */; };
		BF0000060000000000000020 /* CourseImageService.swift in Sources */ = {isa = PBXBuildFile; fileRef = BF000006000000000000001F /* CourseImageService.swift */; };
		/* End PBXBuildFile section */

/* Begin PBXFileReference section */
		209C2C2A2FA46F0F00D25D25 /* ImpactDetector.swift */ = {isa = PBXFileReference; lastKnownFileType = sourcecode.swift; path = ImpactDetector.swift; sourceTree = "<group>"; };
		BF0000010000000000000101 /* BallStrikeCameraApp.swift */ = {isa = PBXFileReference; lastKnownFileType = sourcecode.swift; path = BallStrikeCameraApp.swift; sourceTree = "<group>"; };
		BF0000010000000000000102 /* CameraPhase.swift */ = {isa = PBXFileReference; lastKnownFileType = sourcecode.swift; path = CameraPhase.swift; sourceTree = "<group>"; };
		BF0000010000000000000103 /* PlatformImage.swift */ = {isa = PBXFileReference; lastKnownFileType = sourcecode.swift; path = PlatformImage.swift; sourceTree = "<group>"; };
		BF000001000000000000011C /* ShotAnalysisModels.swift */ = {isa = PBXFileReference; lastKnownFileType = sourcecode.swift; path = ShotAnalysisModels.swift; sourceTree = "<group>"; };
		BF000001000000000000011D /* FrameNormalizer.swift */ = {isa = PBXFileReference; lastKnownFileType = sourcecode.swift; path = FrameNormalizer.swift; sourceTree = "<group>"; };
		BF000001000000000000011E /* PostImpactBallTracker.swift */ = {isa = PBXFileReference; lastKnownFileType = sourcecode.swift; path = PostImpactBallTracker.swift; sourceTree = "<group>"; };
		BF0000010000000000000129 /* CameraCalibration.swift */ = {isa = PBXFileReference; lastKnownFileType = sourcecode.swift; path = CameraCalibration.swift; sourceTree = "<group>"; };
		BF000001000000000000012A /* ShotMetricsCalculator.swift */ = {isa = PBXFileReference; lastKnownFileType = sourcecode.swift; path = ShotMetricsCalculator.swift; sourceTree = "<group>"; };
		BF000001000000000000012B /* ClubTracker.swift */ = {isa = PBXFileReference; lastKnownFileType = sourcecode.swift; path = ClubTracker.swift; sourceTree = "<group>"; };
		BF000001000000000000012C /* DistanceEstimator.swift */ = {isa = PBXFileReference; lastKnownFileType = sourcecode.swift; path = DistanceEstimator.swift; sourceTree = "<group>"; };
		BF000001000000000000011F /* ShotTrackingReviewView.swift */ = {isa = PBXFileReference; lastKnownFileType = sourcecode.swift; path = ShotTrackingReviewView.swift; sourceTree = "<group>"; };
		BF0000010000000000000121 /* ShotCompositeView.swift */ = {isa = PBXFileReference; lastKnownFileType = sourcecode.swift; path = ShotCompositeView.swift; sourceTree = "<group>"; };
		BF0000010000000000000122 /* ShotExportService.swift */ = {isa = PBXFileReference; lastKnownFileType = sourcecode.swift; path = ShotExportService.swift; sourceTree = "<group>"; };
		BF0000010000000000000123 /* BallTrackingTestModels.swift */ = {isa = PBXFileReference; lastKnownFileType = sourcecode.swift; path = BallTrackingTestModels.swift; sourceTree = "<group>"; };
		BF0000010000000000000124 /* TestFrameLoader.swift */ = {isa = PBXFileReference; lastKnownFileType = sourcecode.swift; path = TestFrameLoader.swift; sourceTree = "<group>"; };
		BF0000010000000000000125 /* ExperimentalBallTracker.swift */ = {isa = PBXFileReference; lastKnownFileType = sourcecode.swift; path = ExperimentalBallTracker.swift; sourceTree = "<group>"; };
		BF0000010000000000000126 /* BallTrackingTestView.swift */ = {isa = PBXFileReference; lastKnownFileType = sourcecode.swift; path = BallTrackingTestView.swift; sourceTree = "<group>"; };
		BF0000010000000000000127 /* BallTrackingTesterSettings.swift */ = {isa = PBXFileReference; lastKnownFileType = sourcecode.swift; path = BallTrackingTesterSettings.swift; sourceTree = "<group>"; };
		BF0000010000000000000128 /* ExperimentalImpactFrameDetector.swift */ = {isa = PBXFileReference; lastKnownFileType = sourcecode.swift; path = ExperimentalImpactFrameDetector.swift; sourceTree = "<group>"; };
		BF000001000000000000012D /* ExperimentalMetricsModels.swift */ = {isa = PBXFileReference; lastKnownFileType = sourcecode.swift; path = ExperimentalMetricsModels.swift; sourceTree = "<group>"; };
		BF000001000000000000012E /* ExperimentalCameraCalibration.swift */ = {isa = PBXFileReference; lastKnownFileType = sourcecode.swift; path = ExperimentalCameraCalibration.swift; sourceTree = "<group>"; };
		BF000001000000000000012F /* ExperimentalDistanceEstimator.swift */ = {isa = PBXFileReference; lastKnownFileType = sourcecode.swift; path = ExperimentalDistanceEstimator.swift; sourceTree = "<group>"; };
		BF0000010000000000000130 /* ExperimentalClubTracker.swift */ = {isa = PBXFileReference; lastKnownFileType = sourcecode.swift; path = ExperimentalClubTracker.swift; sourceTree = "<group>"; };
		BF0000010000000000000131 /* ExperimentalShotMetricsCalculator.swift */ = {isa = PBXFileReference; lastKnownFileType = sourcecode.swift; path = ExperimentalShotMetricsCalculator.swift; sourceTree = "<group>"; };
		BF0000010000000000000132 /* ExperimentalMetricsExporter.swift */ = {isa = PBXFileReference; lastKnownFileType = sourcecode.swift; path = ExperimentalMetricsExporter.swift; sourceTree = "<group>"; };
		BF0000010000000000000120 /* ShotCompositeRenderer.swift */ = {isa = PBXFileReference; lastKnownFileType = sourcecode.swift; path = ShotCompositeRenderer.swift; sourceTree = "<group>"; };
		BF0000010000000000000104 /* BallObservation.swift */ = {isa = PBXFileReference; lastKnownFileType = sourcecode.swift; path = BallObservation.swift; sourceTree = "<group>"; };
		BF0000010000000000000105 /* BallDetector.swift */ = {isa = PBXFileReference; lastKnownFileType = sourcecode.swift; path = BallDetector.swift; sourceTree = "<group>"; };
		BF0000010000000000000106 /* CameraController.swift */ = {isa = PBXFileReference; lastKnownFileType = sourcecode.swift; path = CameraController.swift; sourceTree = "<group>"; };
		BF0000010000000000000107 /* ContentView.swift */ = {isa = PBXFileReference; lastKnownFileType = sourcecode.swift; path = ContentView.swift; sourceTree = "<group>"; };
		BF0000010000000000000108 /* CameraPreview.swift */ = {isa = PBXFileReference; lastKnownFileType = sourcecode.swift; path = CameraPreview.swift; sourceTree = "<group>"; };
		BF0000010000000000000109 /* Assets.xcassets */ = {isa = PBXFileReference; lastKnownFileType = folder.assetcatalog; path = Assets.xcassets; sourceTree = "<group>"; };
		BF0000010000000000000110 /* Info.plist */ = {isa = PBXFileReference; lastKnownFileType = text.plist.xml; path = Info.plist; sourceTree = "<group>"; };
		BF0000010000000000000111 /* BallStrikeCamera.app */ = {isa = PBXFileReference; explicitFileType = wrapper.application; includeInIndex = 0; path = BallStrikeCamera.app; sourceTree = BUILT_PRODUCTS_DIR; };
		BF0000010000000000000112 /* RangeCameraScreen.swift */ = {isa = PBXFileReference; lastKnownFileType = sourcecode.swift; path = RangeCameraScreen.swift; sourceTree = "<group>"; };
		BF0000010000000000000113 /* LaunchMonitorScaffoldView.swift */ = {isa = PBXFileReference; lastKnownFileType = sourcecode.swift; path = LaunchMonitorScaffoldView.swift; sourceTree = "<group>"; };
		BF0000010000000000000114 /* LaunchMonitorTheme.swift */ = {isa = PBXFileReference; lastKnownFileType = sourcecode.swift; path = LaunchMonitorTheme.swift; sourceTree = "<group>"; };
		BF0000010000000000000115 /* CircularIconButton.swift */ = {isa = PBXFileReference; lastKnownFileType = sourcecode.swift; path = CircularIconButton.swift; sourceTree = "<group>"; };
		BF0000010000000000000116 /* TopOverlayBarView.swift */ = {isa = PBXFileReference; lastKnownFileType = sourcecode.swift; path = TopOverlayBarView.swift; sourceTree = "<group>"; };
		BF0000010000000000000117 /* ExposureModePickerView.swift */ = {isa = PBXFileReference; lastKnownFileType = sourcecode.swift; path = ExposureModePickerView.swift; sourceTree = "<group>"; };
		BF0000010000000000000118 /* ShotVisualizationPanel.swift */ = {isa = PBXFileReference; lastKnownFileType = sourcecode.swift; path = ShotVisualizationPanel.swift; sourceTree = "<group>"; };
		BF0000010000000000000119 /* ShotSummaryPanelView.swift */ = {isa = PBXFileReference; lastKnownFileType = sourcecode.swift; path = ShotSummaryPanelView.swift; sourceTree = "<group>"; };
		BF000001000000000000011A /* CompactMetricsBarView.swift */ = {isa = PBXFileReference; lastKnownFileType = sourcecode.swift; path = CompactMetricsBarView.swift; sourceTree = "<group>"; };
		BF000001000000000000011B /* LaunchScreen.storyboard */ = {isa = PBXFileReference; lastKnownFileType = file.storyboard; path = LaunchScreen.storyboard; sourceTree = "<group>"; };
		BF0000010000000000000133 /* DirectionalFormat.swift */ = {isa = PBXFileReference; lastKnownFileType = sourcecode.swift; path = DirectionalFormat.swift; sourceTree = "<group>"; };
		BF0000010000000000000134 /* SpinEstimator.swift */ = {isa = PBXFileReference; lastKnownFileType = sourcecode.swift; path = SpinEstimator.swift; sourceTree = "<group>"; };
		BF0000010000000000000135 /* ClubPathFaceEstimator.swift */ = {isa = PBXFileReference; lastKnownFileType = sourcecode.swift; path = ClubPathFaceEstimator.swift; sourceTree = "<group>"; };
		BF0000010000000000000136 /* ExperimentalSpinEstimator.swift */ = {isa = PBXFileReference; lastKnownFileType = sourcecode.swift; path = ExperimentalSpinEstimator.swift; sourceTree = "<group>"; };
		BF0000010000000000000137 /* ExperimentalDirectionalFormat.swift */ = {isa = PBXFileReference; lastKnownFileType = sourcecode.swift; path = ExperimentalDirectionalFormat.swift; sourceTree = "<group>"; };
		BF0000010000000000000138 /* ExperimentalClubPathFaceEstimator.swift */ = {isa = PBXFileReference; lastKnownFileType = sourcecode.swift; path = ExperimentalClubPathFaceEstimator.swift; sourceTree = "<group>"; };
		BF0000010000000000000139 /* VLAModelPredictor.swift */ = {isa = PBXFileReference; lastKnownFileType = sourcecode.swift; path = VLAModelPredictor.swift; sourceTree = "<group>"; };
		BF000001000000000000013A /* ExperimentalVLAModelPredictor.swift */ = {isa = PBXFileReference; lastKnownFileType = sourcecode.swift; path = ExperimentalVLAModelPredictor.swift; sourceTree = "<group>"; };
		BF000001000000000000013B /* SampleShots */ = {isa = PBXFileReference; lastKnownFileType = folder; path = SampleShots; sourceTree = "<group>"; };
		BF000001000000000000013F /* Models */ = {isa = PBXFileReference; lastKnownFileType = folder; path = Models; sourceTree = "<group>"; };
		BF0000010000000000000140 /* ModelResourceLoader.swift */ = {isa = PBXFileReference; lastKnownFileType = sourcecode.swift; path = ModelResourceLoader.swift; sourceTree = "<group>"; };
		BF0000010000000000000141 /* FlightModelPredictor.swift */ = {isa = PBXFileReference; lastKnownFileType = sourcecode.swift; path = FlightModelPredictor.swift; sourceTree = "<group>"; };
		BF000001000000000000013C /* SampleShotLoader.swift */ = {isa = PBXFileReference; lastKnownFileType = sourcecode.swift; path = SampleShotLoader.swift; sourceTree = "<group>"; };
		BF000001000000000000013D /* ShotResultView.swift */ = {isa = PBXFileReference; lastKnownFileType = sourcecode.swift; path = ShotResultView.swift; sourceTree = "<group>"; };
		BF000001000000000000013E /* BallFlightPreviewView.swift */ = {isa = PBXFileReference; lastKnownFileType = sourcecode.swift; path = BallFlightPreviewView.swift; sourceTree = "<group>"; };
		BF0000010000000000000142 /* SideLaunchAngleView.swift */ = {isa = PBXFileReference; lastKnownFileType = sourcecode.swift; path = SideLaunchAngleView.swift; sourceTree = "<group>"; };
		BF0000010000000000000143 /* TopDownShotGridView.swift */ = {isa = PBXFileReference; lastKnownFileType = sourcecode.swift; path = TopDownShotGridView.swift; sourceTree = "<group>"; };
		BF0000010000000000000144 /* AnimatedShotFlightView.swift */ = {isa = PBXFileReference; lastKnownFileType = sourcecode.swift; path = AnimatedShotFlightView.swift; sourceTree = "<group>"; };
		BF0000010000000000000145 /* CinematicBallFlightView.swift */ = {isa = PBXFileReference; lastKnownFileType = sourcecode.swift; path = CinematicBallFlightView.swift; sourceTree = "<group>"; };
		BF0000010000000000000146 /* MainTabView.swift */ = {isa = PBXFileReference; lastKnownFileType = sourcecode.swift; path = MainTabView.swift; sourceTree = "<group>"; };
		BF0000010000000000000147 /* HomeDashboardView.swift */ = {isa = PBXFileReference; lastKnownFileType = sourcecode.swift; path = HomeDashboardView.swift; sourceTree = "<group>"; };
		BF0000010000000000000148 /* ModeSelectionView.swift */ = {isa = PBXFileReference; lastKnownFileType = sourcecode.swift; path = ModeSelectionView.swift; sourceTree = "<group>"; };
		BF0000010000000000000149 /* RangeModeView.swift */ = {isa = PBXFileReference; lastKnownFileType = sourcecode.swift; path = RangeModeView.swift; sourceTree = "<group>"; };
		BF000001000000000000014A /* SimModeView.swift */ = {isa = PBXFileReference; lastKnownFileType = sourcecode.swift; path = SimModeView.swift; sourceTree = "<group>"; };
		BF000001000000000000014B /* CourseModeView.swift */ = {isa = PBXFileReference; lastKnownFileType = sourcecode.swift; path = CourseModeView.swift; sourceTree = "<group>"; };
		BF000001000000000000014C /* SessionsView.swift */ = {isa = PBXFileReference; lastKnownFileType = sourcecode.swift; path = SessionsView.swift; sourceTree = "<group>"; };
		BF000001000000000000014D /* AnalyticsView.swift */ = {isa = PBXFileReference; lastKnownFileType = sourcecode.swift; path = AnalyticsView.swift; sourceTree = "<group>"; };
		BF000001000000000000014E /* FeedView.swift */ = {isa = PBXFileReference; lastKnownFileType = sourcecode.swift; path = FeedView.swift; sourceTree = "<group>"; };
		BF000001000000000000014F /* ProfileSettingsView.swift */ = {isa = PBXFileReference; lastKnownFileType = sourcecode.swift; path = ProfileSettingsView.swift; sourceTree = "<group>"; };
		BF0000010000000000000150 /* AppShellComponents.swift */ = {isa = PBXFileReference; lastKnownFileType = sourcecode.swift; path = AppShellComponents.swift; sourceTree = "<group>"; };
		BF0000010000000000000151 /* BallStrikeTheme.swift */ = {isa = PBXFileReference; lastKnownFileType = sourcecode.swift; path = BallStrikeTheme.swift; sourceTree = "<group>"; };
		BF0000010000000000000152 /* BallStrikeBackgroundView.swift */ = {isa = PBXFileReference; lastKnownFileType = sourcecode.swift; path = BallStrikeBackgroundView.swift; sourceTree = "<group>"; };
		BF0000020000000000000001 /* AppDelegate.swift */ = {isa = PBXFileReference; lastKnownFileType = sourcecode.swift; path = AppDelegate.swift; sourceTree = "<group>"; };
		BF0000020000000000000002 /* AppBackend.swift */ = {isa = PBXFileReference; lastKnownFileType = sourcecode.swift; path = AppBackend.swift; sourceTree = "<group>"; };
		BF0000020000000000000003 /* AppStorageManager.swift */ = {isa = PBXFileReference; lastKnownFileType = sourcecode.swift; path = AppStorageManager.swift; sourceTree = "<group>"; };
		BF0000020000000000000004 /* AuthSessionStore.swift */ = {isa = PBXFileReference; lastKnownFileType = sourcecode.swift; path = AuthSessionStore.swift; sourceTree = "<group>"; };
		BF0000020000000000000005 /* LocalBackendService.swift */ = {isa = PBXFileReference; lastKnownFileType = sourcecode.swift; path = LocalBackendService.swift; sourceTree = "<group>"; };
		BF0000020000000000000006 /* LocationService.swift */ = {isa = PBXFileReference; lastKnownFileType = sourcecode.swift; path = LocationService.swift; sourceTree = "<group>"; };
		BF0000020000000000000007 /* ShotPersistenceService.swift */ = {isa = PBXFileReference; lastKnownFileType = sourcecode.swift; path = ShotPersistenceService.swift; sourceTree = "<group>"; };
		BF0000020000000000000008 /* SimOutputService.swift */ = {isa = PBXFileReference; lastKnownFileType = sourcecode.swift; path = SimOutputService.swift; sourceTree = "<group>"; };
		BF0000020000000000000009 /* GolfCourseAPIConfig.swift */ = {isa = PBXFileReference; lastKnownFileType = sourcecode.swift; path = GolfCourseAPIConfig.swift; sourceTree = "<group>"; };
		BF000002000000000000000A /* CourseProvider.swift */ = {isa = PBXFileReference; lastKnownFileType = sourcecode.swift; path = CourseProvider.swift; sourceTree = "<group>"; };
		BF000002000000000000000B /* MockCourseProvider.swift */ = {isa = PBXFileReference; lastKnownFileType = sourcecode.swift; path = MockCourseProvider.swift; sourceTree = "<group>"; };
		BF000002000000000000000C /* GolfCourseAPIProvider.swift */ = {isa = PBXFileReference; lastKnownFileType = sourcecode.swift; path = GolfCourseAPIProvider.swift; sourceTree = "<group>"; };
		BF000002000000000000000D /* AppModels.swift */ = {isa = PBXFileReference; lastKnownFileType = sourcecode.swift; path = AppModels.swift; sourceTree = "<group>"; };
		BF000002000000000000000E /* CourseModels.swift */ = {isa = PBXFileReference; lastKnownFileType = sourcecode.swift; path = CourseModels.swift; sourceTree = "<group>"; };
		BF000002000000000000000F /* FeatureFlags.swift */ = {isa = PBXFileReference; lastKnownFileType = sourcecode.swift; path = FeatureFlags.swift; sourceTree = "<group>"; };
		BF0000020000000000000010 /* AppRootView.swift */ = {isa = PBXFileReference; lastKnownFileType = sourcecode.swift; path = AppRootView.swift; sourceTree = "<group>"; };
		BF0000020000000000000011 /* AuthViewModel.swift */ = {isa = PBXFileReference; lastKnownFileType = sourcecode.swift; path = AuthViewModel.swift; sourceTree = "<group>"; };
		BF0000020000000000000012 /* LoginView.swift */ = {isa = PBXFileReference; lastKnownFileType = sourcecode.swift; path = LoginView.swift; sourceTree = "<group>"; };
		BF0000020000000000000013 /* ClubBagViewModel.swift */ = {isa = PBXFileReference; lastKnownFileType = sourcecode.swift; path = ClubBagViewModel.swift; sourceTree = "<group>"; };
		BF0000020000000000000014 /* RangeSessionViewModel.swift */ = {isa = PBXFileReference; lastKnownFileType = sourcecode.swift; path = RangeSessionViewModel.swift; sourceTree = "<group>"; };
		BF0000020000000000000015 /* SimSessionViewModel.swift */ = {isa = PBXFileReference; lastKnownFileType = sourcecode.swift; path = SimSessionViewModel.swift; sourceTree = "<group>"; };
		BF0000020000000000000016 /* CourseRoundViewModel.swift */ = {isa = PBXFileReference; lastKnownFileType = sourcecode.swift; path = CourseRoundViewModel.swift; sourceTree = "<group>"; };
		BF0000020000000000000017 /* AnalyticsViewModel.swift */ = {isa = PBXFileReference; lastKnownFileType = sourcecode.swift; path = AnalyticsViewModel.swift; sourceTree = "<group>"; };
		BF0000020000000000000018 /* FeedViewModel.swift */ = {isa = PBXFileReference; lastKnownFileType = sourcecode.swift; path = FeedViewModel.swift; sourceTree = "<group>"; };
		BF0000020000000000000019 /* ClubsInBagView.swift */ = {isa = PBXFileReference; lastKnownFileType = sourcecode.swift; path = ClubsInBagView.swift; sourceTree = "<group>"; };
		BF000002000000000000001A /* EditClubView.swift */ = {isa = PBXFileReference; lastKnownFileType = sourcecode.swift; path = EditClubView.swift; sourceTree = "<group>"; };
		BF000002000000000000001B /* RangeSessionView.swift */ = {isa = PBXFileReference; lastKnownFileType = sourcecode.swift; path = RangeSessionView.swift; sourceTree = "<group>"; };
		BF000002000000000000001C /* CourseSearchView.swift */ = {isa = PBXFileReference; lastKnownFileType = sourcecode.swift; path = CourseSearchView.swift; sourceTree = "<group>"; };
		BF000002000000000000001D /* CourseRoundView.swift */ = {isa = PBXFileReference; lastKnownFileType = sourcecode.swift; path = CourseRoundView.swift; sourceTree = "<group>"; };
		BF000002000000000000001E /* HoleView.swift */ = {isa = PBXFileReference; lastKnownFileType = sourcecode.swift; path = HoleView.swift; sourceTree = "<group>"; };
		BF000002000000000000001F /* ScorecardView.swift */ = {isa = PBXFileReference; lastKnownFileType = sourcecode.swift; path = ScorecardView.swift; sourceTree = "<group>"; };
				BF0000050000000000000001 /* OrientationManager.swift */ = {isa = PBXFileReference; lastKnownFileType = sourcecode.swift; path = OrientationManager.swift; sourceTree = "<group>"; };
			BF0000060000000000000001 /* TCTheme.swift */ = {isa = PBXFileReference; lastKnownFileType = sourcecode.swift; path = TCTheme.swift; sourceTree = "<group>"; };
			BF0000060000000000000003 /* TrueCarryBackground.swift */ = {isa = PBXFileReference; lastKnownFileType = sourcecode.swift; path = TrueCarryBackground.swift; sourceTree = "<group>"; };
			BF0000060000000000000005 /* TCCards.swift */ = {isa = PBXFileReference; lastKnownFileType = sourcecode.swift; path = TCCards.swift; sourceTree = "<group>"; };
			BF0000060000000000000007 /* TCBottomDock.swift */ = {isa = PBXFileReference; lastKnownFileType = sourcecode.swift; path = TCBottomDock.swift; sourceTree = "<group>"; };
			BF0000060000000000000009 /* TrueCarryHomeView.swift */ = {isa = PBXFileReference; lastKnownFileType = sourcecode.swift; path = TrueCarryHomeView.swift; sourceTree = "<group>"; };
			BF000006000000000000000B /* TrueCarryInsightsView.swift */ = {isa = PBXFileReference; lastKnownFileType = sourcecode.swift; path = TrueCarryInsightsView.swift; sourceTree = "<group>"; };
			BF000006000000000000000D /* TrueCarryPlayView.swift */ = {isa = PBXFileReference; lastKnownFileType = sourcecode.swift; path = TrueCarryPlayView.swift; sourceTree = "<group>"; };
			BF000006000000000000000F /* TrueCarryLockerView.swift */ = {isa = PBXFileReference; lastKnownFileType = sourcecode.swift; path = TrueCarryLockerView.swift; sourceTree = "<group>"; };
			BF0000060000000000000011 /* ShotContext.swift */ = {isa = PBXFileReference; lastKnownFileType = sourcecode.swift; path = ShotContext.swift; sourceTree = "<group>"; };
			BF0000060000000000000013 /* TrueCarryCoursesView.swift */ = {isa = PBXFileReference; lastKnownFileType = sourcecode.swift; path = TrueCarryCoursesView.swift; sourceTree = "<group>"; };
			BF0000060000000000000015 /* CourseModeGPSHoleView.swift */ = {isa = PBXFileReference; lastKnownFileType = sourcecode.swift; path = CourseModeGPSHoleView.swift; sourceTree = "<group>"; };
			BF0000060000000000000017 /* ScoreEntryView.swift */ = {isa = PBXFileReference; lastKnownFileType = sourcecode.swift; path = ScoreEntryView.swift; sourceTree = "<group>"; };
			BF0000060000000000000019 /* PastSessionsView.swift */ = {isa = PBXFileReference; lastKnownFileType = sourcecode.swift; path = PastSessionsView.swift; sourceTree = "<group>"; };
			BF000006000000000000001B /* RoundSetupView.swift */ = {isa = PBXFileReference; lastKnownFileType = sourcecode.swift; path = RoundSetupView.swift; sourceTree = "<group>"; };
			BF000006000000000000001D /* TCVisuals.swift */ = {isa = PBXFileReference; lastKnownFileType = sourcecode.swift; path = TCVisuals.swift; sourceTree = "<group>"; };
			BF000006000000000000001F /* CourseImageService.swift */ = {isa = PBXFileReference; lastKnownFileType = sourcecode.swift; path = CourseImageService.swift; sourceTree = "<group>"; };
		/* End PBXFileReference section */

/* Begin PBXFrameworksBuildPhase section */
		BF0000010000000000000201 /* Frameworks */ = {
			isa = PBXFrameworksBuildPhase;
			buildActionMask = 2147483647;
			files = (
			);
			runOnlyForDeploymentPostprocessing = 0;
		};
/* End PBXFrameworksBuildPhase section */

/* Begin PBXGroup section */
		BF0000010000000000000301 = {
			isa = PBXGroup;
			children = (
				BF0000010000000000000302 /* BallStrikeCamera */,
				BF0000010000000000000303 /* Products */,
			);
			sourceTree = "<group>";
		};
		BF0000010000000000000302 /* BallStrikeCamera */ = {
			isa = PBXGroup;
			children = (
				BF0000040000000000000002 /* ViewModels */,
				BF0000040000000000000001 /* Data */,
				BF0000010000000000000304 /* App */,
				BF0000010000000000000305 /* Camera */,
				BF0000010000000000000306 /* Detection */,
				BF000001000000000000030A /* Analysis */,
				BF0000010000000000000307 /* UI */,
				BF0000010000000000000308 /* Models */,
				BF0000010000000000000309 /* Resources */,
				BF000001000000000000030B /* Export */,
				BF000001000000000000030F /* Simulation */,
				BF000001000000000000030C /* Experimental */,
			);
			path = BallStrikeCamera;
			sourceTree = "<group>";
		};
		BF0000010000000000000303 /* Products */ = {
			isa = PBXGroup;
			children = (
				BF0000010000000000000111 /* BallStrikeCamera.app */,
			);
			name = Products;
			sourceTree = "<group>";
		};
		BF0000010000000000000304 /* App */ = {
			isa = PBXGroup;
			children = (
				BF0000020000000000000001 /* AppDelegate.swift */,
				BF0000010000000000000101 /* BallStrikeCameraApp.swift */,
				BF0000050000000000000001 /* OrientationManager.swift */,
			);
			path = App;
			sourceTree = "<group>";
		};
		BF0000010000000000000305 /* Camera */ = {
			isa = PBXGroup;
			children = (
				BF0000010000000000000106 /* CameraController.swift */,
				209C2C2A2FA46F0F00D25D25 /* ImpactDetector.swift */,
			);
			path = Camera;
			sourceTree = "<group>";
		};
		BF0000010000000000000306 /* Detection */ = {
			isa = PBXGroup;
			children = (
				BF0000010000000000000104 /* BallObservation.swift */,
				BF0000010000000000000105 /* BallDetector.swift */,
			);
			path = Detection;
			sourceTree = "<group>";
		};
		BF000001000000000000030A /* Analysis */ = {
			isa = PBXGroup;
			children = (
				BF000001000000000000011D /* FrameNormalizer.swift */,
				BF000001000000000000011E /* PostImpactBallTracker.swift */,
				BF0000010000000000000129 /* CameraCalibration.swift */,
				BF000001000000000000012A /* ShotMetricsCalculator.swift */,
				BF000001000000000000012B /* ClubTracker.swift */,
				BF000001000000000000012C /* DistanceEstimator.swift */,
				BF0000010000000000000120 /* ShotCompositeRenderer.swift */,
				BF0000010000000000000133 /* DirectionalFormat.swift */,
				BF0000010000000000000134 /* SpinEstimator.swift */,
				BF0000010000000000000135 /* ClubPathFaceEstimator.swift */,
				BF0000010000000000000139 /* VLAModelPredictor.swift */,
				BF0000010000000000000140 /* ModelResourceLoader.swift */,
				BF0000010000000000000141 /* FlightModelPredictor.swift */,
			);
			path = Analysis;
			sourceTree = "<group>";
		};
		BF0000010000000000000307 /* UI */ = {
			isa = PBXGroup;
			children = (
				BF0000040000000000000003 /* Auth */,
				BF0000040000000000000004 /* Profile */,
				BF0000040000000000000005 /* Modes */,
				BF0000010000000000000107 /* ContentView.swift */,
				BF0000010000000000000108 /* CameraPreview.swift */,
				BF0000010000000000000112 /* RangeCameraScreen.swift */,
				BF0000010000000000000113 /* LaunchMonitorScaffoldView.swift */,
				BF0000010000000000000114 /* LaunchMonitorTheme.swift */,
				BF0000010000000000000115 /* CircularIconButton.swift */,
				BF0000010000000000000116 /* TopOverlayBarView.swift */,
				BF0000010000000000000117 /* ExposureModePickerView.swift */,
				BF0000010000000000000118 /* ShotVisualizationPanel.swift */,
				BF0000010000000000000119 /* ShotSummaryPanelView.swift */,
				BF000001000000000000011A /* CompactMetricsBarView.swift */,
				BF000001000000000000011F /* ShotTrackingReviewView.swift */,
				BF0000010000000000000121 /* ShotCompositeView.swift */,
				BF000001000000000000013D /* ShotResultView.swift */,
				BF000001000000000000013E /* BallFlightPreviewView.swift */,
				BF0000010000000000000142 /* SideLaunchAngleView.swift */,
				BF0000010000000000000143 /* TopDownShotGridView.swift */,
				BF0000010000000000000144 /* AnimatedShotFlightView.swift */,
				BF0000010000000000000145 /* CinematicBallFlightView.swift */,
				BF0000010000000000000351 /* AppShell */,
				BF0000040000000000000008 /* Theme */,
				BF0000040000000000000009 /* Components */,
				BF000004000000000000000A /* Home */,
				BF000004000000000000000B /* Insights */,
				BF000004000000000000000C /* Play */,
				BF000004000000000000000D /* Locker */,
				BF000004000000000000000E /* Courses */,
			);
			path = UI;
			sourceTree = "<group>";
		};
		BF0000010000000000000351 /* AppShell */ = {
			isa = PBXGroup;
			children = (
				BF000002000000000000000F /* FeatureFlags.swift */,
				BF0000010000000000000146 /* MainTabView.swift */,
				BF0000010000000000000150 /* AppShellComponents.swift */,
				BF0000010000000000000147 /* HomeDashboardView.swift */,
				BF0000010000000000000148 /* ModeSelectionView.swift */,
				BF0000010000000000000149 /* RangeModeView.swift */,
				BF000001000000000000014A /* SimModeView.swift */,
				BF000001000000000000014B /* CourseModeView.swift */,
				BF000001000000000000014C /* SessionsView.swift */,
				BF000001000000000000014D /* AnalyticsView.swift */,
				BF000001000000000000014E /* FeedView.swift */,
				BF000001000000000000014F /* ProfileSettingsView.swift */,
				BF0000010000000000000151 /* BallStrikeTheme.swift */,
				BF0000010000000000000152 /* BallStrikeBackgroundView.swift */,
			);
			path = AppShell;
			sourceTree = "<group>";
		};
		BF0000010000000000000308 /* Models */ = {
			isa = PBXGroup;
			children = (
				BF000002000000000000000D /* AppModels.swift */,
				BF000002000000000000000E /* CourseModels.swift */,
				BF0000010000000000000102 /* CameraPhase.swift */,
				BF0000010000000000000103 /* PlatformImage.swift */,
				BF000001000000000000011C /* ShotAnalysisModels.swift */,
				BF0000060000000000000011 /* ShotContext.swift */,
			);
			path = Models;
			sourceTree = "<group>";
		};
		BF0000010000000000000309 /* Resources */ = {
			isa = PBXGroup;
			children = (
				BF0000010000000000000109 /* Assets.xcassets */,
				BF0000010000000000000110 /* Info.plist */,
				BF000001000000000000011B /* LaunchScreen.storyboard */,
				BF000001000000000000013B /* SampleShots */,
				BF000001000000000000013F /* Models */,
			);
			path = Resources;
			sourceTree = "<group>";
		};
		BF000001000000000000030F /* Simulation */ = {
			isa = PBXGroup;
			children = (
				BF000001000000000000013C /* SampleShotLoader.swift */,
			);
			path = Simulation;
			sourceTree = "<group>";
		};
		BF000001000000000000030B /* Export */ = {
			isa = PBXGroup;
			children = (
				BF0000010000000000000122 /* ShotExportService.swift */,
			);
			path = Export;
			sourceTree = "<group>";
		};
		BF000001000000000000030D /* BallTrackingTester */ = {
			isa = PBXGroup;
			children = (
				BF0000010000000000000123 /* BallTrackingTestModels.swift */,
				BF0000010000000000000124 /* TestFrameLoader.swift */,
				BF0000010000000000000125 /* ExperimentalBallTracker.swift */,
				BF0000010000000000000126 /* BallTrackingTestView.swift */,
				BF0000010000000000000127 /* BallTrackingTesterSettings.swift */,
				BF0000010000000000000128 /* ExperimentalImpactFrameDetector.swift */,
				BF000001000000000000030E /* Metrics */,
			);
			path = BallTrackingTester;
			sourceTree = "<group>";
		};
		BF000001000000000000030E /* Metrics */ = {
			isa = PBXGroup;
			children = (
				BF000001000000000000012D /* ExperimentalMetricsModels.swift */,
				BF000001000000000000012E /* ExperimentalCameraCalibration.swift */,
				BF000001000000000000012F /* ExperimentalDistanceEstimator.swift */,
				BF0000010000000000000130 /* ExperimentalClubTracker.swift */,
				BF0000010000000000000131 /* ExperimentalShotMetricsCalculator.swift */,
				BF0000010000000000000132 /* ExperimentalMetricsExporter.swift */,
				BF0000010000000000000136 /* ExperimentalSpinEstimator.swift */,
				BF0000010000000000000137 /* ExperimentalDirectionalFormat.swift */,
				BF0000010000000000000138 /* ExperimentalClubPathFaceEstimator.swift */,
				BF000001000000000000013A /* ExperimentalVLAModelPredictor.swift */,
			);
			path = Metrics;
			sourceTree = "<group>";
		};
		BF000001000000000000030C /* Experimental */ = {
			isa = PBXGroup;
			children = (
				BF000001000000000000030D /* BallTrackingTester */,
			);
			path = Experimental;
			sourceTree = "<group>";
		};
		BF0000040000000000000001 /* Data */ = {
			isa = PBXGroup;
			children = (
				BF0000020000000000000002 /* AppBackend.swift */,
				BF0000020000000000000003 /* AppStorageManager.swift */,
				BF0000020000000000000004 /* AuthSessionStore.swift */,
				BF0000020000000000000005 /* LocalBackendService.swift */,
				BF000006000000000000001F /* CourseImageService.swift */,
				BF0000020000000000000006 /* LocationService.swift */,
				BF0000020000000000000007 /* ShotPersistenceService.swift */,
				BF0000020000000000000008 /* SimOutputService.swift */,
				BF0000020000000000000009 /* GolfCourseAPIConfig.swift */,
				BF000002000000000000000A /* CourseProvider.swift */,
				BF000002000000000000000B /* MockCourseProvider.swift */,
				BF000002000000000000000C /* GolfCourseAPIProvider.swift */,
			);
			path = Data;
			sourceTree = "<group>";
		};
		BF0000040000000000000002 /* ViewModels */ = {
			isa = PBXGroup;
			children = (
				BF0000020000000000000013 /* ClubBagViewModel.swift */,
				BF0000020000000000000014 /* RangeSessionViewModel.swift */,
				BF0000020000000000000015 /* SimSessionViewModel.swift */,
				BF0000020000000000000016 /* CourseRoundViewModel.swift */,
				BF0000020000000000000017 /* AnalyticsViewModel.swift */,
				BF0000020000000000000018 /* FeedViewModel.swift */,
			);
			path = ViewModels;
			sourceTree = "<group>";
		};
		BF0000040000000000000003 /* Auth */ = {
			isa = PBXGroup;
			children = (
				BF0000020000000000000010 /* AppRootView.swift */,
				BF0000020000000000000011 /* AuthViewModel.swift */,
				BF0000020000000000000012 /* LoginView.swift */,
			);
			path = Auth;
			sourceTree = "<group>";
		};
		BF0000040000000000000004 /* Profile */ = {
			isa = PBXGroup;
			children = (
				BF0000020000000000000019 /* ClubsInBagView.swift */,
				BF000002000000000000001A /* EditClubView.swift */,
			);
			path = Profile;
			sourceTree = "<group>";
		};
		BF0000040000000000000005 /* Modes */ = {
			isa = PBXGroup;
			children = (
				BF0000040000000000000006 /* Range */,
				BF0000040000000000000007 /* Course */,
			);
			path = Modes;
			sourceTree = "<group>";
		};
		BF0000040000000000000006 /* Range */ = {
			isa = PBXGroup;
			children = (
				BF000002000000000000001B /* RangeSessionView.swift */,
			);
			path = Range;
			sourceTree = "<group>";
		};
		BF0000040000000000000007 /* Course */ = {
			isa = PBXGroup;
			children = (
				BF000002000000000000001C /* CourseSearchView.swift */,
				BF000002000000000000001D /* CourseRoundView.swift */,
				BF000002000000000000001E /* HoleView.swift */,
				BF000002000000000000001F /* ScorecardView.swift */,
			);
			path = Course;
			sourceTree = "<group>";
		};

		BF0000040000000000000008 /* Theme */ = {
			isa = PBXGroup;
			children = (
				BF0000060000000000000001 /* TCTheme.swift */,
				BF0000060000000000000003 /* TrueCarryBackground.swift */,
				BF000006000000000000001D /* TCVisuals.swift */,
			);
			path = Theme;
			sourceTree = "<group>";
		};
		BF0000040000000000000009 /* Components */ = {
			isa = PBXGroup;
			children = (
				BF0000060000000000000005 /* TCCards.swift */,
				BF0000060000000000000007 /* TCBottomDock.swift */,
			);
			path = Components;
			sourceTree = "<group>";
		};
		BF000004000000000000000A /* Home */ = {
			isa = PBXGroup;
			children = (
				BF0000060000000000000009 /* TrueCarryHomeView.swift */,
			);
			path = Home;
			sourceTree = "<group>";
		};
		BF000004000000000000000B /* Insights */ = {
			isa = PBXGroup;
			children = (
				BF000006000000000000000B /* TrueCarryInsightsView.swift */,
			);
			path = Insights;
			sourceTree = "<group>";
		};
		BF000004000000000000000C /* Play */ = {
			isa = PBXGroup;
			children = (
				BF000006000000000000000D /* TrueCarryPlayView.swift */,
			);
			path = Play;
			sourceTree = "<group>";
		};
		BF000004000000000000000D /* Locker */ = {
			isa = PBXGroup;
			children = (
				BF000006000000000000000F /* TrueCarryLockerView.swift */,
			);
			path = Locker;
			sourceTree = "<group>";
		};
		BF000004000000000000000E /* Courses */ = {
			isa = PBXGroup;
			children = (
				BF0000060000000000000013 /* TrueCarryCoursesView.swift */,
				BF0000060000000000000015 /* CourseModeGPSHoleView.swift */,
				BF0000060000000000000017 /* ScoreEntryView.swift */,
				BF0000060000000000000019 /* PastSessionsView.swift */,
				BF000006000000000000001B /* RoundSetupView.swift */,
			);
			path = Courses;
			sourceTree = "<group>";
		};
		/* End PBXGroup section */

/* Begin PBXNativeTarget section */
		BF0000010000000000000401 /* BallStrikeCamera */ = {
			isa = PBXNativeTarget;
			buildConfigurationList = BF0000010000000000000502 /* Build configuration list for PBXNativeTarget "BallStrikeCamera" */;
			buildPhases = (
				BF0000010000000000000202 /* Sources */,
				BF0000010000000000000201 /* Frameworks */,
				BF0000010000000000000203 /* Resources */,
			);
			buildRules = (
			);
			dependencies = (
			);
			name = BallStrikeCamera;
			productName = BallStrikeCamera;
			productReference = BF0000010000000000000111 /* BallStrikeCamera.app */;
			productType = "com.apple.product-type.application";
		};
/* End PBXNativeTarget section */

/* Begin PBXProject section */
		BF0000010000000000000501 /* Project object */ = {
			isa = PBXProject;
			attributes = {
				BuildIndependentTargetsInParallel = 1;
				LastSwiftUpdateCheck = 1530;
				LastUpgradeCheck = 1530;
				TargetAttributes = {
					BF0000010000000000000401 = {
						CreatedOnToolsVersion = 15.3;
					};
				};
			};
			buildConfigurationList = BF0000010000000000000503 /* Build configuration list for PBXProject "BallStrikeCamera" */;
			compatibilityVersion = "Xcode 14.0";
			developmentRegion = en;
			hasScannedForEncodings = 0;
			knownRegions = (
				en,
				Base,
			);
			mainGroup = BF0000010000000000000301;
			productRefGroup = BF0000010000000000000303 /* Products */;
			projectDirPath = "";
			projectRoot = "";
			targets = (
				BF0000010000000000000401 /* BallStrikeCamera */,
			);
		};
/* End PBXProject section */

/* Begin PBXResourcesBuildPhase section */
		BF0000010000000000000203 /* Resources */ = {
			isa = PBXResourcesBuildPhase;
			buildActionMask = 2147483647;
			files = (
				BF0000010000000000000009 /* Assets.xcassets in Resources */,
				BF000001000000000000000A /* LaunchScreen.storyboard in Resources */,
				BF000001000000000000003B /* SampleShots in Resources */,
				BF000001000000000000003F /* Models in Resources */,
			);
			runOnlyForDeploymentPostprocessing = 0;
		};
/* End PBXResourcesBuildPhase section */

/* Begin PBXSourcesBuildPhase section */
		BF0000010000000000000202 /* Sources */ = {
			isa = PBXSourcesBuildPhase;
			buildActionMask = 2147483647;
			files = (
				BF0000010000000000000001 /* BallStrikeCameraApp.swift in Sources */,
				209C2C2B2FA46F0F00D25D25 /* ImpactDetector.swift in Sources */,
				BF0000010000000000000002 /* CameraPhase.swift in Sources */,
				BF0000010000000000000003 /* PlatformImage.swift in Sources */,
				BF000001000000000000001B /* ShotAnalysisModels.swift in Sources */,
				BF000001000000000000001C /* FrameNormalizer.swift in Sources */,
				BF000001000000000000001E /* PostImpactBallTracker.swift in Sources */,
				BF0000010000000000000029 /* CameraCalibration.swift in Sources */,
				BF000001000000000000002A /* ShotMetricsCalculator.swift in Sources */,
				BF000001000000000000002B /* ClubTracker.swift in Sources */,
				BF000001000000000000002C /* DistanceEstimator.swift in Sources */,
				BF0000010000000000000020 /* ShotCompositeRenderer.swift in Sources */,
				BF0000010000000000000004 /* BallObservation.swift in Sources */,
				BF0000010000000000000005 /* BallDetector.swift in Sources */,
				BF0000010000000000000006 /* CameraController.swift in Sources */,
				BF0000010000000000000007 /* ContentView.swift in Sources */,
				BF0000010000000000000008 /* CameraPreview.swift in Sources */,
				BF0000010000000000000012 /* RangeCameraScreen.swift in Sources */,
				BF0000010000000000000013 /* LaunchMonitorScaffoldView.swift in Sources */,
				BF0000010000000000000014 /* LaunchMonitorTheme.swift in Sources */,
				BF0000010000000000000015 /* CircularIconButton.swift in Sources */,
				BF0000010000000000000016 /* TopOverlayBarView.swift in Sources */,
				BF0000010000000000000017 /* ExposureModePickerView.swift in Sources */,
				BF0000010000000000000018 /* ShotVisualizationPanel.swift in Sources */,
				BF0000010000000000000019 /* ShotSummaryPanelView.swift in Sources */,
				BF000001000000000000001A /* CompactMetricsBarView.swift in Sources */,
				BF000001000000000000001F /* ShotTrackingReviewView.swift in Sources */,
				BF0000010000000000000021 /* ShotCompositeView.swift in Sources */,
				BF0000010000000000000022 /* ShotExportService.swift in Sources */,
				BF0000010000000000000023 /* BallTrackingTestModels.swift in Sources */,
				BF0000010000000000000024 /* TestFrameLoader.swift in Sources */,
				BF0000010000000000000025 /* ExperimentalBallTracker.swift in Sources */,
				BF0000010000000000000026 /* BallTrackingTestView.swift in Sources */,
				BF0000010000000000000027 /* BallTrackingTesterSettings.swift in Sources */,
				BF0000010000000000000028 /* ExperimentalImpactFrameDetector.swift in Sources */,
				BF000001000000000000002D /* ExperimentalMetricsModels.swift in Sources */,
				BF000001000000000000002E /* ExperimentalCameraCalibration.swift in Sources */,
				BF000001000000000000002F /* ExperimentalDistanceEstimator.swift in Sources */,
				BF0000010000000000000030 /* ExperimentalClubTracker.swift in Sources */,
				BF0000010000000000000031 /* ExperimentalShotMetricsCalculator.swift in Sources */,
				BF0000010000000000000032 /* ExperimentalMetricsExporter.swift in Sources */,
				BF0000010000000000000033 /* DirectionalFormat.swift in Sources */,
				BF0000010000000000000034 /* SpinEstimator.swift in Sources */,
				BF0000010000000000000035 /* ClubPathFaceEstimator.swift in Sources */,
				BF0000010000000000000036 /* ExperimentalSpinEstimator.swift in Sources */,
				BF0000010000000000000037 /* ExperimentalDirectionalFormat.swift in Sources */,
				BF0000010000000000000038 /* ExperimentalClubPathFaceEstimator.swift in Sources */,
				BF0000010000000000000039 /* VLAModelPredictor.swift in Sources */,
				BF000001000000000000003A /* ExperimentalVLAModelPredictor.swift in Sources */,
				BF0000010000000000000040 /* ModelResourceLoader.swift in Sources */,
				BF0000010000000000000041 /* FlightModelPredictor.swift in Sources */,
				BF000001000000000000003C /* SampleShotLoader.swift in Sources */,
				BF000001000000000000003D /* ShotResultView.swift in Sources */,
				BF000001000000000000003E /* BallFlightPreviewView.swift in Sources */,
				BF0000010000000000000042 /* SideLaunchAngleView.swift in Sources */,
				BF0000010000000000000043 /* TopDownShotGridView.swift in Sources */,
				BF0000010000000000000044 /* AnimatedShotFlightView.swift in Sources */,
				BF0000010000000000000045 /* CinematicBallFlightView.swift in Sources */,
		BF0000010000000000000046 /* MainTabView.swift in Sources */,
		BF0000010000000000000047 /* HomeDashboardView.swift in Sources */,
		BF0000010000000000000048 /* ModeSelectionView.swift in Sources */,
		BF0000010000000000000049 /* RangeModeView.swift in Sources */,
		BF000001000000000000004A /* SimModeView.swift in Sources */,
		BF000001000000000000004B /* CourseModeView.swift in Sources */,
		BF000001000000000000004C /* SessionsView.swift in Sources */,
		BF000001000000000000004D /* AnalyticsView.swift in Sources */,
		BF000001000000000000004E /* FeedView.swift in Sources */,
		BF000001000000000000004F /* ProfileSettingsView.swift in Sources */,
		BF0000010000000000000050 /* AppShellComponents.swift in Sources */,
		BF0000010000000000000051 /* BallStrikeTheme.swift in Sources */,
		BF0000010000000000000052 /* BallStrikeBackgroundView.swift in Sources */,
				BF0000030000000000000001 /* AppDelegate.swift in Sources */,
				BF0000030000000000000002 /* AppBackend.swift in Sources */,
				BF0000030000000000000003 /* AppStorageManager.swift in Sources */,
				BF0000030000000000000004 /* AuthSessionStore.swift in Sources */,
				BF0000030000000000000005 /* LocalBackendService.swift in Sources */,
				BF0000030000000000000006 /* LocationService.swift in Sources */,
				BF0000030000000000000007 /* ShotPersistenceService.swift in Sources */,
				BF0000030000000000000008 /* SimOutputService.swift in Sources */,
				BF0000030000000000000009 /* GolfCourseAPIConfig.swift in Sources */,
				BF000003000000000000000A /* CourseProvider.swift in Sources */,
				BF000003000000000000000B /* MockCourseProvider.swift in Sources */,
				BF000003000000000000000C /* GolfCourseAPIProvider.swift in Sources */,
				BF000003000000000000000D /* AppModels.swift in Sources */,
				BF000003000000000000000E /* CourseModels.swift in Sources */,
				BF000003000000000000000F /* FeatureFlags.swift in Sources */,
				BF0000030000000000000010 /* AppRootView.swift in Sources */,
				BF0000030000000000000011 /* AuthViewModel.swift in Sources */,
				BF0000030000000000000012 /* LoginView.swift in Sources */,
				BF0000030000000000000013 /* ClubBagViewModel.swift in Sources */,
				BF0000030000000000000014 /* RangeSessionViewModel.swift in Sources */,
				BF0000030000000000000015 /* SimSessionViewModel.swift in Sources */,
				BF0000030000000000000016 /* CourseRoundViewModel.swift in Sources */,
				BF0000030000000000000017 /* AnalyticsViewModel.swift in Sources */,
				BF0000030000000000000018 /* FeedViewModel.swift in Sources */,
				BF0000030000000000000019 /* ClubsInBagView.swift in Sources */,
				BF000003000000000000001A /* EditClubView.swift in Sources */,
				BF000003000000000000001B /* RangeSessionView.swift in Sources */,
				BF000003000000000000001C /* CourseSearchView.swift in Sources */,
				BF000003000000000000001D /* CourseRoundView.swift in Sources */,
				BF000003000000000000001E /* HoleView.swift in Sources */,
				BF000003000000000000001F /* ScorecardView.swift in Sources */,
				BF0000050000000000000002 /* OrientationManager.swift in Sources */,
				BF0000060000000000000002 /* TCTheme.swift in Sources */,
				BF0000060000000000000004 /* TrueCarryBackground.swift in Sources */,
				BF0000060000000000000006 /* TCCards.swift in Sources */,
				BF0000060000000000000008 /* TCBottomDock.swift in Sources */,
				BF000006000000000000000A /* TrueCarryHomeView.swift in Sources */,
				BF000006000000000000000C /* TrueCarryInsightsView.swift in Sources */,
				BF000006000000000000000E /* TrueCarryPlayView.swift in Sources */,
				BF0000060000000000000010 /* TrueCarryLockerView.swift in Sources */,
				BF0000060000000000000012 /* ShotContext.swift in Sources */,
				BF0000060000000000000014 /* TrueCarryCoursesView.swift in Sources */,
				BF0000060000000000000016 /* CourseModeGPSHoleView.swift in Sources */,
				BF0000060000000000000018 /* ScoreEntryView.swift in Sources */,
				BF000006000000000000001A /* PastSessionsView.swift in Sources */,
				BF000006000000000000001C /* RoundSetupView.swift in Sources */,
				BF000006000000000000001E /* TCVisuals.swift in Sources */,
				BF0000060000000000000020 /* CourseImageService.swift in Sources */,
			);
			runOnlyForDeploymentPostprocessing = 0;
		};
/* End PBXSourcesBuildPhase section */

/* Begin XCBuildConfiguration section */
		BF0000010000000000000601 /* Debug */ = {
			isa = XCBuildConfiguration;
			buildSettings = {
				ALWAYS_SEARCH_USER_PATHS = NO;
				CLANG_ANALYZER_NONNULL = YES;
				CLANG_ANALYZER_NUMBER_OBJECT_CONVERSION = YES_AGGRESSIVE;
				CLANG_CXX_LANGUAGE_STANDARD = "gnu++20";
				CLANG_ENABLE_MODULES = YES;
				CLANG_ENABLE_OBJC_ARC = YES;
				CLANG_ENABLE_OBJC_WEAK = YES;
				CLANG_WARN_BLOCK_CAPTURE_AUTORELEASING = YES;
				CLANG_WARN_BOOL_CONVERSION = YES;
				CLANG_WARN_COMMA = YES;
				CLANG_WARN_CONSTANT_CONVERSION = YES;
				CLANG_WARN_DEPRECATED_OBJC_IMPLEMENTATIONS = YES;
				CLANG_WARN_DIRECT_OBJC_ISA_USAGE = YES_ERROR;
				CLANG_WARN_DOCUMENTATION_COMMENTS = YES;
				CLANG_WARN_EMPTY_BODY = YES;
				CLANG_WARN_ENUM_CONVERSION = YES;
				CLANG_WARN_INFINITE_RECURSION = YES;
				CLANG_WARN_INT_CONVERSION = YES;
				CLANG_WARN_NON_LITERAL_NULL_CONVERSION = YES;
				CLANG_WARN_OBJC_IMPLICIT_RETAIN_SELF = YES;
				CLANG_WARN_OBJC_LITERAL_CONVERSION = YES;
				CLANG_WARN_OBJC_ROOT_CLASS = YES_ERROR;
				CLANG_WARN_QUOTED_INCLUDE_IN_FRAMEWORK_HEADER = YES;
				CLANG_WARN_RANGE_LOOP_ANALYSIS = YES;
				CLANG_WARN_STRICT_PROTOTYPES = YES;
				CLANG_WARN_SUSPICIOUS_MOVE = YES;
				CLANG_WARN_UNGUARDED_AVAILABILITY = YES_AGGRESSIVE;
				CLANG_WARN_UNREACHABLE_CODE = YES;
				CLANG_WARN__DUPLICATE_METHOD_MATCH = YES;
				COPY_PHASE_STRIP = NO;
				DEBUG_INFORMATION_FORMAT = dwarf;
				ENABLE_STRICT_OBJC_MSGSEND = YES;
				ENABLE_TESTABILITY = YES;
				GCC_C_LANGUAGE_STANDARD = gnu17;
				GCC_DYNAMIC_NO_PIC = NO;
				GCC_NO_COMMON_BLOCKS = YES;
				GCC_OPTIMIZATION_LEVEL = 0;
				GCC_PREPROCESSOR_DEFINITIONS = (
					"DEBUG=1",
					"$(inherited)",
				);
				GCC_WARN_64_TO_32_BIT_CONVERSION = YES;
				GCC_WARN_ABOUT_RETURN_TYPE = YES_ERROR;
				GCC_WARN_UNDECLARED_SELECTOR = YES;
				GCC_WARN_UNINITIALIZED_AUTOS = YES_AGGRESSIVE;
				GCC_WARN_UNUSED_FUNCTION = YES;
				GCC_WARN_UNUSED_VARIABLE = YES;
				IPHONEOS_DEPLOYMENT_TARGET = 16.0;
				MTL_ENABLE_DEBUG_INFO = INCLUDE_SOURCE;
				MTL_FAST_MATH = YES;
				ONLY_ACTIVE_ARCH = YES;
				SDKROOT = iphoneos;
				SWIFT_ACTIVE_COMPILATION_CONDITIONS = DEBUG;
				SWIFT_OPTIMIZATION_LEVEL = "-Onone";
			};
			name = Debug;
		};
		BF0000010000000000000602 /* Release */ = {
			isa = XCBuildConfiguration;
			buildSettings = {
				ALWAYS_SEARCH_USER_PATHS = NO;
				CLANG_ANALYZER_NONNULL = YES;
				CLANG_ANALYZER_NUMBER_OBJECT_CONVERSION = YES_AGGRESSIVE;
				CLANG_CXX_LANGUAGE_STANDARD = "gnu++20";
				CLANG_ENABLE_MODULES = YES;
				CLANG_ENABLE_OBJC_ARC = YES;
				CLANG_ENABLE_OBJC_WEAK = YES;
				CLANG_WARN_BLOCK_CAPTURE_AUTORELEASING = YES;
				CLANG_WARN_BOOL_CONVERSION = YES;
				CLANG_WARN_COMMA = YES;
				CLANG_WARN_CONSTANT_CONVERSION = YES;
				CLANG_WARN_DEPRECATED_OBJC_IMPLEMENTATIONS = YES;
				CLANG_WARN_DIRECT_OBJC_ISA_USAGE = YES_ERROR;
				CLANG_WARN_DOCUMENTATION_COMMENTS = YES;
				CLANG_WARN_EMPTY_BODY = YES;
				CLANG_WARN_ENUM_CONVERSION = YES;
				CLANG_WARN_INFINITE_RECURSION = YES;
				CLANG_WARN_INT_CONVERSION = YES;
				CLANG_WARN_NON_LITERAL_NULL_CONVERSION = YES;
				CLANG_WARN_OBJC_IMPLICIT_RETAIN_SELF = YES;
				CLANG_WARN_OBJC_LITERAL_CONVERSION = YES;
				CLANG_WARN_OBJC_ROOT_CLASS = YES_ERROR;
				CLANG_WARN_QUOTED_INCLUDE_IN_FRAMEWORK_HEADER = YES;
				CLANG_WARN_RANGE_LOOP_ANALYSIS = YES;
				CLANG_WARN_STRICT_PROTOTYPES = YES;
				CLANG_WARN_SUSPICIOUS_MOVE = YES;
				CLANG_WARN_UNGUARDED_AVAILABILITY = YES_AGGRESSIVE;
				CLANG_WARN_UNREACHABLE_CODE = YES;
				CLANG_WARN__DUPLICATE_METHOD_MATCH = YES;
				COPY_PHASE_STRIP = NO;
				DEBUG_INFORMATION_FORMAT = "dwarf-with-dsym";
				ENABLE_NS_ASSERTIONS = NO;
				ENABLE_STRICT_OBJC_MSGSEND = YES;
				GCC_C_LANGUAGE_STANDARD = gnu17;
				GCC_NO_COMMON_BLOCKS = YES;
				GCC_WARN_64_TO_32_BIT_CONVERSION = YES;
				GCC_WARN_ABOUT_RETURN_TYPE = YES_ERROR;
				GCC_WARN_UNDECLARED_SELECTOR = YES;
				GCC_WARN_UNINITIALIZED_AUTOS = YES_AGGRESSIVE;
				GCC_WARN_UNUSED_FUNCTION = YES;
				GCC_WARN_UNUSED_VARIABLE = YES;
				IPHONEOS_DEPLOYMENT_TARGET = 16.0;
				MTL_ENABLE_DEBUG_INFO = NO;
				MTL_FAST_MATH = YES;
				SDKROOT = iphoneos;
				SWIFT_COMPILATION_MODE = wholemodule;
				SWIFT_OPTIMIZATION_LEVEL = "-O";
				VALIDATE_PRODUCT = YES;
			};
			name = Release;
		};
		BF0000010000000000000603 /* Debug */ = {
			isa = XCBuildConfiguration;
			buildSettings = {
				ASSETCATALOG_COMPILER_APPICON_NAME = AppIcon;
				CODE_SIGN_STYLE = Automatic;
				CURRENT_PROJECT_VERSION = 1;
				DEVELOPMENT_ASSET_PATHS = "";
				DEVELOPMENT_TEAM = 7PDC2BMKC9;
				GENERATE_INFOPLIST_FILE = NO;
				INFOPLIST_FILE = BallStrikeCamera/Resources/Info.plist;
				IPHONEOS_DEPLOYMENT_TARGET = 16.0;
				LD_RUNPATH_SEARCH_PATHS = (
					"$(inherited)",
					"@executable_path/Frameworks",
				);
				MARKETING_VERSION = 1.0;
				PRODUCT_BUNDLE_IDENTIFIER = com.example.BallStrikeCamera;
				PRODUCT_NAME = "$(TARGET_NAME)";
				SUPPORTED_PLATFORMS = "iphoneos iphonesimulator";
				SUPPORTS_MACCATALYST = NO;
				SWIFT_EMIT_LOC_STRINGS = YES;
				SWIFT_STRICT_CONCURRENCY = minimal;
				SWIFT_VERSION = 5.0;
				TARGETED_DEVICE_FAMILY = 1;
			};
			name = Debug;
		};
		BF0000010000000000000604 /* Release */ = {
			isa = XCBuildConfiguration;
			buildSettings = {
				ASSETCATALOG_COMPILER_APPICON_NAME = AppIcon;
				CODE_SIGN_STYLE = Automatic;
				CURRENT_PROJECT_VERSION = 1;
				DEVELOPMENT_ASSET_PATHS = "";
				DEVELOPMENT_TEAM = 7PDC2BMKC9;
				GENERATE_INFOPLIST_FILE = NO;
				INFOPLIST_FILE = BallStrikeCamera/Resources/Info.plist;
				IPHONEOS_DEPLOYMENT_TARGET = 16.0;
				LD_RUNPATH_SEARCH_PATHS = (
					"$(inherited)",
					"@executable_path/Frameworks",
				);
				MARKETING_VERSION = 1.0;
				PRODUCT_BUNDLE_IDENTIFIER = com.example.BallStrikeCamera;
				PRODUCT_NAME = "$(TARGET_NAME)";
				SUPPORTED_PLATFORMS = "iphoneos iphonesimulator";
				SUPPORTS_MACCATALYST = NO;
				SWIFT_EMIT_LOC_STRINGS = YES;
				SWIFT_STRICT_CONCURRENCY = minimal;
				SWIFT_VERSION = 5.0;
				TARGETED_DEVICE_FAMILY = 1;
			};
			name = Release;
		};
/* End XCBuildConfiguration section */

/* Begin XCConfigurationList section */
		BF0000010000000000000502 /* Build configuration list for PBXNativeTarget "BallStrikeCamera" */ = {
			isa = XCConfigurationList;
			buildConfigurations = (
				BF0000010000000000000603 /* Debug */,
				BF0000010000000000000604 /* Release */,
			);
			defaultConfigurationIsVisible = 0;
			defaultConfigurationName = Release;
		};
		BF0000010000000000000503 /* Build configuration list for PBXProject "BallStrikeCamera" */ = {
			isa = XCConfigurationList;
			buildConfigurations = (
				BF0000010000000000000601 /* Debug */,
				BF0000010000000000000602 /* Release */,
			);
			defaultConfigurationIsVisible = 0;
			defaultConfigurationName = Release;
		};
/* End XCConfigurationList section */
	};
	rootObject = BF0000010000000000000501 /* Project object */;
}
